// !$*UTF8*$!
{
	archiveVersion = 1;
	classes = {
	};
	objectVersion = 55;
	objects = {

/* Begin PBXBuildFile section */
		BCC8F3D1280224DC00F9AAB3 /* AppDelegate.swift in Sources */ = {isa = PBXBuildFile; fileRef = BCC8F3D0280224DC00F9AAB3 /* AppDelegate.swift */; };
		BCC8F3D3280224DC00F9AAB3 /* SceneDelegate.swift in Sources */ = {isa = PBXBuildFile; fileRef = BCC8F3D2280224DC00F9AAB3 /* SceneDelegate.swift */; };
		BCC8F3D5280224DC00F9AAB3 /* ViewController.swift in Sources */ = {isa = PBXBuildFile; fileRef = BCC8F3D4280224DC00F9AAB3 /* ViewController.swift */; };
		BCC8F3D8280224DC00F9AAB3 /* Main.storyboard in Resources */ = {isa = PBXBuildFile; fileRef = BCC8F3D6280224DC00F9AAB3 /* Main.storyboard */; };
		BCC8F3DA280224DE00F9AAB3 /* Assets.xcassets in Resources */ = {isa = PBXBuildFile; fileRef = BCC8F3D9280224DE00F9AAB3 /* Assets.xcassets */; };
		BCC8F3DD280224DE00F9AAB3 /* LaunchScreen.storyboard in Resources */ = {isa = PBXBuildFile; fileRef = BCC8F3DB280224DE00F9AAB3 /* LaunchScreen.storyboard */; };
		BCC8F3E8280224DE00F9AAB3 /* Tennis_NotesTests.swift in Sources */ = {isa = PBXBuildFile; fileRef = BCC8F3E7280224DE00F9AAB3 /* Tennis_NotesTests.swift */; };
		BCC8F3F2280224DE00F9AAB3 /* Tennis_NotesUITests.swift in Sources */ = {isa = PBXBuildFile; fileRef = BCC8F3F1280224DE00F9AAB3 /* Tennis_NotesUITests.swift */; };
		BCC8F3F4280224DE00F9AAB3 /* Tennis_NotesUITestsLaunchTests.swift in Sources */ = {isa = PBXBuildFile; fileRef = BCC8F3F3280224DE00F9AAB3 /* Tennis_NotesUITestsLaunchTests.swift */; };
/* End PBXBuildFile section */

/* Begin PBXContainerItemProxy section */
		BCC8F3E4280224DE00F9AAB3 /* PBXContainerItemProxy */ = {
			isa = PBXContainerItemProxy;
			containerPortal = BCC8F3C5280224DC00F9AAB3 /* Project object */;
			proxyType = 1;
			remoteGlobalIDString = BCC8F3CC280224DC00F9AAB3;
			remoteInfo = "Tennis Notes";
		};
		BCC8F3EE280224DE00F9AAB3 /* PBXContainerItemProxy */ = {
			isa = PBXContainerItemProxy;
			containerPortal = BCC8F3C5280224DC00F9AAB3 /* Project object */;
			proxyType = 1;
			remoteGlobalIDString = BCC8F3CC280224DC00F9AAB3;
			remoteInfo = "Tennis Notes";
		};
/* End PBXContainerItemProxy section */

/* Begin PBXFileReference section */
		BCC8F3CD280224DC00F9AAB3 /* Tennis Notes.app */ = {isa = PBXFileReference; explicitFileType = wrapper.application; includeInIndex = 0; path = "Tennis Notes.app"; sourceTree = BUILT_PRODUCTS_DIR; };
		BCC8F3D0280224DC00F9AAB3 /* AppDelegate.swift */ = {isa = PBXFileReference; lastKnownFileType = sourcecode.swift; path = AppDelegate.swift; sourceTree = "<group>"; };
		BCC8F3D2280224DC00F9AAB3 /* SceneDelegate.swift */ = {isa = PBXFileReference; lastKnownFileType = sourcecode.swift; path = SceneDelegate.swift; sourceTree = "<group>"; };
		BCC8F3D4280224DC00F9AAB3 /* ViewController.swift */ = {isa = PBXFileReference; lastKnownFileType = sourcecode.swift; path = ViewController.swift; sourceTree = "<group>"; };
		BCC8F3D7280224DC00F9AAB3 /* Base */ = {isa = PBXFileReference; lastKnownFileType = file.storyboard; name = Base; path = Base.lproj/Main.storyboard; sourceTree = "<group>"; };
		BCC8F3D9280224DE00F9AAB3 /* Assets.xcassets */ = {isa = PBXFileReference; lastKnownFileType = folder.assetcatalog; path = Assets.xcassets; sourceTree = "<group>"; };
		BCC8F3DC280224DE00F9AAB3 /* Base */ = {isa = PBXFileReference; lastKnownFileType = file.storyboard; name = Base; path = Base.lproj/LaunchScreen.storyboard; sourceTree = "<group>"; };
		BCC8F3DE280224DE00F9AAB3 /* Info.plist */ = {isa = PBXFileReference; lastKnownFileType = text.plist.xml; path = Info.plist; sourceTree = "<group>"; };
		BCC8F3E3280224DE00F9AAB3 /* Tennis NotesTests.xctest */ = {isa = PBXFileReference; explicitFileType = wrapper.cfbundle; includeInIndex = 0; path = "Tennis NotesTests.xctest"; sourceTree = BUILT_PRODUCTS_DIR; };
		BCC8F3E7280224DE00F9AAB3 /* Tennis_NotesTests.swift */ = {isa = PBXFileReference; lastKnownFileType = sourcecode.swift; path = Tennis_NotesTests.swift; sourceTree = "<group>"; };
		BCC8F3ED280224DE00F9AAB3 /* Tennis NotesUITests.xctest */ = {isa = PBXFileReference; explicitFileType = wrapper.cfbundle; includeInIndex = 0; path = "Tennis NotesUITests.xctest"; sourceTree = BUILT_PRODUCTS_DIR; };
		BCC8F3F1280224DE00F9AAB3 /* Tennis_NotesUITests.swift */ = {isa = PBXFileReference; lastKnownFileType = sourcecode.swift; path = Tennis_NotesUITests.swift; sourceTree = "<group>"; };
		BCC8F3F3280224DE00F9AAB3 /* Tennis_NotesUITestsLaunchTests.swift */ = {isa = PBXFileReference; lastKnownFileType = sourcecode.swift; path = Tennis_NotesUITestsLaunchTests.swift; sourceTree = "<group>"; };
/* End PBXFileReference section */

/* Begin PBXFrameworksBuildPhase section */
		BCC8F3CA280224DC00F9AAB3 /* Frameworks */ = {
			isa = PBXFrameworksBuildPhase;
			buildActionMask = 2147483647;
			files = (
			);
			runOnlyForDeploymentPostprocessing = 0;
		};
		BCC8F3E0280224DE00F9AAB3 /* Frameworks */ = {
			isa = PBXFrameworksBuildPhase;
			buildActionMask = 2147483647;
			files = (
			);
			runOnlyForDeploymentPostprocessing = 0;
		};
		BCC8F3EA280224DE00F9AAB3 /* Frameworks */ = {
			isa = PBXFrameworksBuildPhase;
			buildActionMask = 2147483647;
			files = (
			);
			runOnlyForDeploymentPostprocessing = 0;
		};
/* End PBXFrameworksBuildPhase section */

/* Begin PBXGroup section */
		BCC8F3C4280224DC00F9AAB3 = {
			isa = PBXGroup;
			children = (
				BCC8F3CF280224DC00F9AAB3 /* Tennis Notes */,
				BCC8F3E6280224DE00F9AAB3 /* Tennis NotesTests */,
				BCC8F3F0280224DE00F9AAB3 /* Tennis NotesUITests */,
				BCC8F3CE280224DC00F9AAB3 /* Products */,
			);
			sourceTree = "<group>";
		};
		BCC8F3CE280224DC00F9AAB3 /* Products */ = {
			isa = PBXGroup;
			children = (
				BCC8F3CD280224DC00F9AAB3 /* Tennis Notes.app */,
				BCC8F3E3280224DE00F9AAB3 /* Tennis NotesTests.xctest */,
				BCC8F3ED280224DE00F9AAB3 /* Tennis NotesUITests.xctest */,
			);
			name = Products;
			sourceTree = "<group>";
		};
		BCC8F3CF280224DC00F9AAB3 /* Tennis Notes */ = {
			isa = PBXGroup;
			children = (
				BCC8F3D0280224DC00F9AAB3 /* AppDelegate.swift */,
				BCC8F3D2280224DC00F9AAB3 /* SceneDelegate.swift */,
				BCC8F3D4280224DC00F9AAB3 /* ViewController.swift */,
				BCC8F3D6280224DC00F9AAB3 /* Main.storyboard */,
				BCC8F3D9280224DE00F9AAB3 /* Assets.xcassets */,
				BCC8F3DB280224DE00F9AAB3 /* LaunchScreen.storyboard */,
				BCC8F3DE280224DE00F9AAB3 /* Info.plist */,
			);
			path = "Tennis Notes";
			sourceTree = "<group>";
		};
		BCC8F3E6280224DE00F9AAB3 /* Tennis NotesTests */ = {
			isa = PBXGroup;
			children = (
				BCC8F3E7280224DE00F9AAB3 /* Tennis_NotesTests.swift */,
			);
			path = "Tennis NotesTests";
			sourceTree = "<group>";
		};
		BCC8F3F0280224DE00F9AAB3 /* Tennis NotesUITests */ = {
			isa = PBXGroup;
			children = (
				BCC8F3F1280224DE00F9AAB3 /* Tennis_NotesUITests.swift */,
				BCC8F3F3280224DE00F9AAB3 /* Tennis_NotesUITestsLaunchTests.swift */,
			);
			path = "Tennis NotesUITests";
			sourceTree = "<group>";
		};
/* End PBXGroup section */

/* Begin PBXNativeTarget section */
		BCC8F3CC280224DC00F9AAB3 /* Tennis Notes */ = {
			isa = PBXNativeTarget;
			buildConfigurationList = BCC8F3F7280224DE00F9AAB3 /* Build configuration list for PBXNativeTarget "Tennis Notes" */;
			buildPhases = (
				BCC8F3C9280224DC00F9AAB3 /* Sources */,
				BCC8F3CA280224DC00F9AAB3 /* Frameworks */,
				BCC8F3CB280224DC00F9AAB3 /* Resources */,
			);
			buildRules = (
			);
			dependencies = (
			);
			name = "Tennis Notes";
			productName = "Tennis Notes";
			productReference = BCC8F3CD280224DC00F9AAB3 /* Tennis Notes.app */;
			productType = "com.apple.product-type.application";
		};
		BCC8F3E2280224DE00F9AAB3 /* Tennis NotesTests */ = {
			isa = PBXNativeTarget;
			buildConfigurationList = BCC8F3FA280224DE00F9AAB3 /* Build configuration list for PBXNativeTarget "Tennis NotesTests" */;
			buildPhases = (
				BCC8F3DF280224DE00F9AAB3 /* Sources */,
				BCC8F3E0280224DE00F9AAB3 /* Frameworks */,
				BCC8F3E1280224DE00F9AAB3 /* Resources */,
			);
			buildRules = (
			);
			dependencies = (
				BCC8F3E5280224DE00F9AAB3 /* PBXTargetDependency */,
			);
			name = "Tennis NotesTests";
			productName = "Tennis NotesTests";
			productReference = BCC8F3E3280224DE00F9AAB3 /* Tennis NotesTests.xctest */;
			productType = "com.apple.product-type.bundle.unit-test";
		};
		BCC8F3EC280224DE00F9AAB3 /* Tennis NotesUITests */ = {
			isa = PBXNativeTarget;
			buildConfigurationList = BCC8F3FD280224DE00F9AAB3 /* Build configuration list for PBXNativeTarget "Tennis NotesUITests" */;
			buildPhases = (
				BCC8F3E9280224DE00F9AAB3 /* Sources */,
				BCC8F3EA280224DE00F9AAB3 /* Frameworks */,
				BCC8F3EB280224DE00F9AAB3 /* Resources */,
			);
			buildRules = (
			);
			dependencies = (
				BCC8F3EF280224DE00F9AAB3 /* PBXTargetDependency */,
			);
			name = "Tennis NotesUITests";
			productName = "Tennis NotesUITests";
			productReference = BCC8F3ED280224DE00F9AAB3 /* Tennis NotesUITests.xctest */;
			productType = "com.apple.product-type.bundle.ui-testing";
		};
/* End PBXNativeTarget section */

/* Begin PBXProject section */
		BCC8F3C5280224DC00F9AAB3 /* Project object */ = {
			isa = PBXProject;
			attributes = {
				BuildIndependentTargetsInParallel = 1;
				LastSwiftUpdateCheck = 1330;
				LastUpgradeCheck = 1330;
				TargetAttributes = {
					BCC8F3CC280224DC00F9AAB3 = {
						CreatedOnToolsVersion = 13.3;
					};
					BCC8F3E2280224DE00F9AAB3 = {
						CreatedOnToolsVersion = 13.3;
						TestTargetID = BCC8F3CC280224DC00F9AAB3;
					};
					BCC8F3EC280224DE00F9AAB3 = {
						CreatedOnToolsVersion = 13.3;
						TestTargetID = BCC8F3CC280224DC00F9AAB3;
					};
				};
			};
			buildConfigurationList = BCC8F3C8280224DC00F9AAB3 /* Build configuration list for PBXProject "Tennis Notes" */;
			compatibilityVersion = "Xcode 13.0";
			developmentRegion = en;
			hasScannedForEncodings = 0;
			knownRegions = (
				en,
				Base,
			);
			mainGroup = BCC8F3C4280224DC00F9AAB3;
			productRefGroup = BCC8F3CE280224DC00F9AAB3 /* Products */;
			projectDirPath = "";
			projectRoot = "";
			targets = (
				BCC8F3CC280224DC00F9AAB3 /* Tennis Notes */,
				BCC8F3E2280224DE00F9AAB3 /* Tennis NotesTests */,
				BCC8F3EC280224DE00F9AAB3 /* Tennis NotesUITests */,
			);
		};
/* End PBXProject section */

/* Begin PBXResourcesBuildPhase section */
		BCC8F3CB280224DC00F9AAB3 /* Resources */ = {
			isa = PBXResourcesBuildPhase;
			buildActionMask = 2147483647;
			files = (
				BCC8F3DD280224DE00F9AAB3 /* LaunchScreen.storyboard in Resources */,
				BCC8F3DA280224DE00F9AAB3 /* Assets.xcassets in Resources */,
				BCC8F3D8280224DC00F9AAB3 /* Main.storyboard in Resources */,
			);
			runOnlyForDeploymentPostprocessing = 0;
		};
		BCC8F3E1280224DE00F9AAB3 /* Resources */ = {
			isa = PBXResourcesBuildPhase;
			buildActionMask = 2147483647;
			files = (
			);
			runOnlyForDeploymentPostprocessing = 0;
		};
		BCC8F3EB280224DE00F9AAB3 /* Resources */ = {
			isa = PBXResourcesBuildPhase;
			buildActionMask = 2147483647;
			files = (
			);
			runOnlyForDeploymentPostprocessing = 0;
		};
/* End PBXResourcesBuildPhase section */

/* Begin PBXSourcesBuildPhase section */
		BCC8F3C9280224DC00F9AAB3 /* Sources */ = {
			isa = PBXSourcesBuildPhase;
			buildActionMask = 2147483647;
			files = (
				BCC8F3D5280224DC00F9AAB3 /* ViewController.swift in Sources */,
				BCC8F3D1280224DC00F9AAB3 /* AppDelegate.swift in Sources */,
				BCC8F3D3280224DC00F9AAB3 /* SceneDelegate.swift in Sources */,
			);
			runOnlyForDeploymentPostprocessing = 0;
		};
		BCC8F3DF280224DE00F9AAB3 /* Sources */ = {
			isa = PBXSourcesBuildPhase;
			buildActionMask = 2147483647;
			files = (
				BCC8F3E8280224DE00F9AAB3 /* Tennis_NotesTests.swift in Sources */,
			);
			runOnlyForDeploymentPostprocessing = 0;
		};
		BCC8F3E9280224DE00F9AAB3 /* Sources */ = {
			isa = PBXSourcesBuildPhase;
			buildActionMask = 2147483647;
			files = (
				BCC8F3F2280224DE00F9AAB3 /* Tennis_NotesUITests.swift in Sources */,
				BCC8F3F4280224DE00F9AAB3 /* Tennis_NotesUITestsLaunchTests.swift in Sources */,
			);
			runOnlyForDeploymentPostprocessing = 0;
		};
/* End PBXSourcesBuildPhase section */

/* Begin PBXTargetDependency section */
		BCC8F3E5280224DE00F9AAB3 /* PBXTargetDependency */ = {
			isa = PBXTargetDependency;
			target = BCC8F3CC280224DC00F9AAB3 /* Tennis Notes */;
			targetProxy = BCC8F3E4280224DE00F9AAB3 /* PBXContainerItemProxy */;
		};
		BCC8F3EF280224DE00F9AAB3 /* PBXTargetDependency */ = {
			isa = PBXTargetDependency;
			target = BCC8F3CC280224DC00F9AAB3 /* Tennis Notes */;
			targetProxy = BCC8F3EE280224DE00F9AAB3 /* PBXContainerItemProxy */;
		};
/* End PBXTargetDependency section */

/* Begin PBXVariantGroup section */
		BCC8F3D6280224DC00F9AAB3 /* Main.storyboard */ = {
			isa = PBXVariantGroup;
			children = (
				BCC8F3D7280224DC00F9AAB3 /* Base */,
			);
			name = Main.storyboard;
			sourceTree = "<group>";
		};
		BCC8F3DB280224DE00F9AAB3 /* LaunchScreen.storyboard */ = {
			isa = PBXVariantGroup;
			children = (
				BCC8F3DC280224DE00F9AAB3 /* Base */,
			);
			name = LaunchScreen.storyboard;
			sourceTree = "<group>";
		};
/* End PBXVariantGroup section */

/* Begin XCBuildConfiguration section */
		BCC8F3F5280224DE00F9AAB3 /* Debug */ = {
			isa = XCBuildConfiguration;
			buildSettings = {
				ALWAYS_SEARCH_USER_PATHS = NO;
				CLANG_ANALYZER_NONNULL = YES;
				CLANG_ANALYZER_NUMBER_OBJECT_CONVERSION = YES_AGGRESSIVE;
				CLANG_CXX_LANGUAGE_STANDARD = "gnu++17";
				CLANG_ENABLE_MODULES = YES;
				CLANG_ENABLE_OBJC_ARC = YES;
				CLANG_ENABLE_OBJC_WEAK = YES;
				CLANG_WARN_BLOCK_CAPTURE_AUTORELEASING = YES;
				CLANG_WARN_BOOL_CONVERSION = YES;
				CLANG_WARN_COMMA = YES;
				CLANG_WARN_CONSTANT_CONVERSION = YES;
				CLANG_WARN_DEPRECATED_OBJC_IMPLEMENTATIONS = YES;
				CLANG_WARN_DIRECT_OBJC_ISA_USAGE = YES_ERROR;
				CLANG_WARN_DOCUMENTATION_COMMENTS = YES;
				CLANG_WARN_EMPTY_BODY = YES;
				CLANG_WARN_ENUM_CONVERSION = YES;
				CLANG_WARN_INFINITE_RECURSION = YES;
				CLANG_WARN_INT_CONVERSION = YES;
				CLANG_WARN_NON_LITERAL_NULL_CONVERSION = YES;
				CLANG_WARN_OBJC_IMPLICIT_RETAIN_SELF = YES;
				CLANG_WARN_OBJC_LITERAL_CONVERSION = YES;
				CLANG_WARN_OBJC_ROOT_CLASS = YES_ERROR;
				CLANG_WARN_QUOTED_INCLUDE_IN_FRAMEWORK_HEADER = YES;
				CLANG_WARN_RANGE_LOOP_ANALYSIS = YES;
				CLANG_WARN_STRICT_PROTOTYPES = YES;
				CLANG_WARN_SUSPICIOUS_MOVE = YES;
				CLANG_WARN_UNGUARDED_AVAILABILITY = YES_AGGRESSIVE;
				CLANG_WARN_UNREACHABLE_CODE = YES;
				CLANG_WARN__DUPLICATE_METHOD_MATCH = YES;
				COPY_PHASE_STRIP = NO;
				DEBUG_INFORMATION_FORMAT = dwarf;
				ENABLE_STRICT_OBJC_MSGSEND = YES;
				ENABLE_TESTABILITY = YES;
				GCC_C_LANGUAGE_STANDARD = gnu11;
				GCC_DYNAMIC_NO_PIC = NO;
				GCC_NO_COMMON_BLOCKS = YES;
				GCC_OPTIMIZATION_LEVEL = 0;
				GCC_PREPROCESSOR_DEFINITIONS = (
					"DEBUG=1",
					"$(inherited)",
				);
				GCC_WARN_64_TO_32_BIT_CONVERSION = YES;
				GCC_WARN_ABOUT_RETURN_TYPE = YES_ERROR;
				GCC_WARN_UNDECLARED_SELECTOR = YES;
				GCC_WARN_UNINITIALIZED_AUTOS = YES_AGGRESSIVE;
				GCC_WARN_UNUSED_FUNCTION = YES;
				GCC_WARN_UNUSED_VARIABLE = YES;
				IPHONEOS_DEPLOYMENT_TARGET = 15.4;
				MTL_ENABLE_DEBUG_INFO = INCLUDE_SOURCE;
				MTL_FAST_MATH = YES;
				ONLY_ACTIVE_ARCH = YES;
				SDKROOT = iphoneos;
				SWIFT_ACTIVE_COMPILATION_CONDITIONS = DEBUG;
				SWIFT_OPTIMIZATION_LEVEL = "-Onone";
			};
			name = Debug;
		};
		BCC8F3F6280224DE00F9AAB3 /* Release */ = {
			isa = XCBuildConfiguration;
			buildSettings = {
				ALWAYS_SEARCH_USER_PATHS = NO;
				CLANG_ANALYZER_NONNULL = YES;
				CLANG_ANALYZER_NUMBER_OBJECT_CONVERSION = YES_AGGRESSIVE;
				CLANG_CXX_LANGUAGE_STANDARD = "gnu++17";
				CLANG_ENABLE_MODULES = YES;
				CLANG_ENABLE_OBJC_ARC = YES;
				CLANG_ENABLE_OBJC_WEAK = YES;
				CLANG_WARN_BLOCK_CAPTURE_AUTORELEASING = YES;
				CLANG_WARN_BOOL_CONVERSION = YES;
				CLANG_WARN_COMMA = YES;
				CLANG_WARN_CONSTANT_CONVERSION = YES;
				CLANG_WARN_DEPRECATED_OBJC_IMPLEMENTATIONS = YES;
				CLANG_WARN_DIRECT_OBJC_ISA_USAGE = YES_ERROR;
				CLANG_WARN_DOCUMENTATION_COMMENTS = YES;
				CLANG_WARN_EMPTY_BODY = YES;
				CLANG_WARN_ENUM_CONVERSION = YES;
				CLANG_WARN_INFINITE_RECURSION = YES;
				CLANG_WARN_INT_CONVERSION = YES;
				CLANG_WARN_NON_LITERAL_NULL_CONVERSION = YES;
				CLANG_WARN_OBJC_IMPLICIT_RETAIN_SELF = YES;
				CLANG_WARN_OBJC_LITERAL_CONVERSION = YES;
				CLANG_WARN_OBJC_ROOT_CLASS = YES_ERROR;
				CLANG_WARN_QUOTED_INCLUDE_IN_FRAMEWORK_HEADER = YES;
				CLANG_WARN_RANGE_LOOP_ANALYSIS = YES;
				CLANG_WARN_STRICT_PROTOTYPES = YES;
				CLANG_WARN_SUSPICIOUS_MOVE = YES;
				CLANG_WARN_UNGUARDED_AVAILABILITY = YES_AGGRESSIVE;
				CLANG_WARN_UNREACHABLE_CODE = YES;
				CLANG_WARN__DUPLICATE_METHOD_MATCH = YES;
				COPY_PHASE_STRIP = NO;
				DEBUG_INFORMATION_FORMAT = "dwarf-with-dsym";
				ENABLE_NS_ASSERTIONS = NO;
				ENABLE_STRICT_OBJC_MSGSEND = YES;
				GCC_C_LANGUAGE_STANDARD = gnu11;
				GCC_NO_COMMON_BLOCKS = YES;
				GCC_WARN_64_TO_32_BIT_CONVERSION = YES;
				GCC_WARN_ABOUT_RETURN_TYPE = YES_ERROR;
				GCC_WARN_UNDECLARED_SELECTOR = YES;
				GCC_WARN_UNINITIALIZED_AUTOS = YES_AGGRESSIVE;
				GCC_WARN_UNUSED_FUNCTION = YES;
				GCC_WARN_UNUSED_VARIABLE = YES;
				IPHONEOS_DEPLOYMENT_TARGET = 15.4;
				MTL_ENABLE_DEBUG_INFO = NO;
				MTL_FAST_MATH = YES;
				SDKROOT = iphoneos;
				SWIFT_COMPILATION_MODE = wholemodule;
				SWIFT_OPTIMIZATION_LEVEL = "-O";
				VALIDATE_PRODUCT = YES;
			};
			name = Release;
		};
		BCC8F3F8280224DE00F9AAB3 /* Debug */ = {
			isa = XCBuildConfiguration;
			buildSettings = {
				ASSETCATALOG_COMPILER_APPICON_NAME = AppIcon;
				ASSETCATALOG_COMPILER_GLOBAL_ACCENT_COLOR_NAME = AccentColor;
				CODE_SIGN_STYLE = Automatic;
				CURRENT_PROJECT_VERSION = 1;
				DEVELOPMENT_TEAM = GN373832EQ;
				GENERATE_INFOPLIST_FILE = YES;
				INFOPLIST_FILE = "Tennis Notes/Info.plist";
				INFOPLIST_KEY_UIApplicationSupportsIndirectInputEvents = YES;
				INFOPLIST_KEY_UILaunchStoryboardName = LaunchScreen;
				INFOPLIST_KEY_UIMainStoryboardFile = Main;
				INFOPLIST_KEY_UISupportedInterfaceOrientations_iPad = "UIInterfaceOrientationPortrait UIInterfaceOrientationPortraitUpsideDown UIInterfaceOrientationLandscapeLeft UIInterfaceOrientationLandscapeRight";
				INFOPLIST_KEY_UISupportedInterfaceOrientations_iPhone = "UIInterfaceOrientationPortrait UIInterfaceOrientationLandscapeLeft UIInterfaceOrientationLandscapeRight";
				LD_RUNPATH_SEARCH_PATHS = (
					"$(inherited)",
					"@executable_path/Frameworks",
				);
				MARKETING_VERSION = 1.0;
				PRODUCT_BUNDLE_IDENTIFIER = "com.intuitivecomputers.Tennis-Notes";
				PRODUCT_NAME = "$(TARGET_NAME)";
				SWIFT_EMIT_LOC_STRINGS = YES;
				SWIFT_VERSION = 5.0;
				TARGETED_DEVICE_FAMILY = "1,2";
			};
			name = Debug;
		};
		BCC8F3F9280224DE00F9AAB3 /* Release */ = {
			isa = XCBuildConfiguration;
			buildSettings = {
				ASSETCATALOG_COMPILER_APPICON_NAME = AppIcon;
				ASSETCATALOG_COMPILER_GLOBAL_ACCENT_COLOR_NAME = AccentColor;
				CODE_SIGN_STYLE = Automatic;
				CURRENT_PROJECT_VERSION = 1;
				DEVELOPMENT_TEAM = GN373832EQ;
				GENERATE_INFOPLIST_FILE = YES;
				INFOPLIST_FILE = "Tennis Notes/Info.plist";
				INFOPLIST_KEY_UIApplicationSupportsIndirectInputEvents = YES;
				INFOPLIST_KEY_UILaunchStoryboardName = LaunchScreen;
				INFOPLIST_KEY_UIMainStoryboardFile = Main;
				INFOPLIST_KEY_UISupportedInterfaceOrientations_iPad = "UIInterfaceOrientationPortrait UIInterfaceOrientationPortraitUpsideDown UIInterfaceOrientationLandscapeLeft UIInterfaceOrientationLandscapeRight";
				INFOPLIST_KEY_UISupportedInterfaceOrientations_iPhone = "UIInterfaceOrientationPortrait UIInterfaceOrientationLandscapeLeft UIInterfaceOrientationLandscapeRight";
				LD_RUNPATH_SEARCH_PATHS = (
					"$(inherited)",
					"@executable_path/Frameworks",
				);
				MARKETING_VERSION = 1.0;
				PRODUCT_BUNDLE_IDENTIFIER = "com.intuitivecomputers.Tennis-Notes";
				PRODUCT_NAME = "$(TARGET_NAME)";
				SWIFT_EMIT_LOC_STRINGS = YES;
				SWIFT_VERSION = 5.0;
				TARGETED_DEVICE_FAMILY = "1,2";
			};
			name = Release;
		};
		BCC8F3FB280224DE00F9AAB3 /* Debug */ = {
			isa = XCBuildConfiguration;
			buildSettings = {
				ALWAYS_EMBED_SWIFT_STANDARD_LIBRARIES = YES;
				BUNDLE_LOADER = "$(TEST_HOST)";
				CODE_SIGN_STYLE = Automatic;
				CURRENT_PROJECT_VERSION = 1;
				DEVELOPMENT_TEAM = GN373832EQ;
				GENERATE_INFOPLIST_FILE = YES;
				IPHONEOS_DEPLOYMENT_TARGET = 15.4;
				MARKETING_VERSION = 1.0;
				PRODUCT_BUNDLE_IDENTIFIER = "com.intuitivecomputers.Tennis-NotesTests";
				PRODUCT_NAME = "$(TARGET_NAME)";
				SWIFT_EMIT_LOC_STRINGS = NO;
				SWIFT_VERSION = 5.0;
				TARGETED_DEVICE_FAMILY = "1,2";
				TEST_HOST = "$(BUILT_PRODUCTS_DIR)/Tennis Notes.app/Tennis Notes";
			};
			name = Debug;
		};
		BCC8F3FC280224DE00F9AAB3 /* Release */ = {
			isa = XCBuildConfiguration;
			buildSettings = {
				ALWAYS_EMBED_SWIFT_STANDARD_LIBRARIES = YES;
				BUNDLE_LOADER = "$(TEST_HOST)";
				CODE_SIGN_STYLE = Automatic;
				CURRENT_PROJECT_VERSION = 1;
				DEVELOPMENT_TEAM = GN373832EQ;
				GENERATE_INFOPLIST_FILE = YES;
				IPHONEOS_DEPLOYMENT_TARGET = 15.4;
				MARKETING_VERSION = 1.0;
				PRODUCT_BUNDLE_IDENTIFIER = "com.intuitivecomputers.Tennis-NotesTests";
				PRODUCT_NAME = "$(TARGET_NAME)";
				SWIFT_EMIT_LOC_STRINGS = NO;
				SWIFT_VERSION = 5.0;
				TARGETED_DEVICE_FAMILY = "1,2";
				TEST_HOST = "$(BUILT_PRODUCTS_DIR)/Tennis Notes.app/Tennis Notes";
			};
			name = Release;
		};
		BCC8F3FE280224DE00F9AAB3 /* Debug */ = {
			isa = XCBuildConfiguration;
			buildSettings = {
				ALWAYS_EMBED_SWIFT_STANDARD_LIBRARIES = YES;
				CODE_SIGN_STYLE = Automatic;
				CURRENT_PROJECT_VERSION = 1;
				DEVELOPMENT_TEAM = GN373832EQ;
				GENERATE_INFOPLIST_FILE = YES;
				MARKETING_VERSION = 1.0;
				PRODUCT_BUNDLE_IDENTIFIER = "com.intuitivecomputers.Tennis-NotesUITests";
				PRODUCT_NAME = "$(TARGET_NAME)";
				SWIFT_EMIT_LOC_STRINGS = NO;
				SWIFT_VERSION = 5.0;
				TARGETED_DEVICE_FAMILY = "1,2";
				TEST_TARGET_NAME = "Tennis Notes";
			};
			name = Debug;
		};
		BCC8F3FF280224DE00F9AAB3 /* Release */ = {
			isa = XCBuildConfiguration;
			buildSettings = {
				ALWAYS_EMBED_SWIFT_STANDARD_LIBRARIES = YES;
				CODE_SIGN_STYLE = Automatic;
				CURRENT_PROJECT_VERSION = 1;
				DEVELOPMENT_TEAM = GN373832EQ;
				GENERATE_INFOPLIST_FILE = YES;
				MARKETING_VERSION = 1.0;
				PRODUCT_BUNDLE_IDENTIFIER = "com.intuitivecomputers.Tennis-NotesUITests";
				PRODUCT_NAME = "$(TARGET_NAME)";
				SWIFT_EMIT_LOC_STRINGS = NO;
				SWIFT_VERSION = 5.0;
				TARGETED_DEVICE_FAMILY = "1,2";
				TEST_TARGET_NAME = "Tennis Notes";
			};
			name = Release;
		};
/* End XCBuildConfiguration section */

/* Begin XCConfigurationList section */
		BCC8F3C8280224DC00F9AAB3 /* Build configuration list for PBXProject "Tennis Notes" */ = {
			isa = XCConfigurationList;
			buildConfigurations = (
				BCC8F3F5280224DE00F9AAB3 /* Debug */,
				BCC8F3F6280224DE00F9AAB3 /* Release */,
			);
			defaultConfigurationIsVisible = 0;
			defaultConfigurationName = Release;
		};
		BCC8F3F7280224DE00F9AAB3 /* Build configuration list for PBXNativeTarget "Tennis Notes" */ = {
			isa = XCConfigurationList;
			buildConfigurations = (
				BCC8F3F8280224DE00F9AAB3 /* Debug */,
				BCC8F3F9280224DE00F9AAB3 /* Release */,
			);
			defaultConfigurationIsVisible = 0;
			defaultConfigurationName = Release;
		};
		BCC8F3FA280224DE00F9AAB3 /* Build configuration list for PBXNativeTarget "Tennis NotesTests" */ = {
			isa = XCConfigurationList;
			buildConfigurations = (
				BCC8F3FB280224DE00F9AAB3 /* Debug */,
				BCC8F3FC280224DE00F9AAB3 /* Release */,
			);
			defaultConfigurationIsVisible = 0;
			defaultConfigurationName = Release;
		};
		BCC8F3FD280224DE00F9AAB3 /* Build configuration list for PBXNativeTarget "Tennis NotesUITests" */ = {
			isa = XCConfigurationList;
			buildConfigurations = (
				BCC8F3FE280224DE00F9AAB3 /* Debug */,
				BCC8F3FF280224DE00F9AAB3 /* Release */,
			);
			defaultConfigurationIsVisible = 0;
			defaultConfigurationName = Release;
		};
/* End XCConfigurationList section */
	};
	rootObject = BCC8F3C5280224DC00F9AAB3 /* Project object */;
}
