// !$*UTF8*$!
{
	archiveVersion = 1;
	classes = {
	};
	objectVersion = 55;
	objects = {

/* Begin PBXBuildFile section */
		BC075D38283173EB009FC4F4 /* FirebaseAnalytics in Frameworks */ = {isa = PBXBuildFile; productRef = BC075D37283173EB009FC4F4 /* FirebaseAnalytics */; };
		BC075D3A283173EB009FC4F4 /* FirebaseCrashlytics in Frameworks */ = {isa = PBXBuildFile; productRef = BC075D39283173EB009FC4F4 /* FirebaseCrashlytics */; };
		BC075D3C283173EB009FC4F4 /* FirebaseMessaging in Frameworks */ = {isa = PBXBuildFile; productRef = BC075D3B283173EB009FC4F4 /* FirebaseMessaging */; };
		BC075D3E28317495009FC4F4 /* GoogleService-Info.plist in Resources */ = {isa = PBXBuildFile; fileRef = BC075D3D28317495009FC4F4 /* GoogleService-Info.plist */; };
		BC075D4028317536009FC4F4 /* AnalyticsManager.swift in Sources */ = {isa = PBXBuildFile; fileRef = BC075D3F28317536009FC4F4 /* AnalyticsManager.swift */; };
		BC075D692836D468009FC4F4 /* ErrorNote+CoreDataClass.swift in Sources */ = {isa = PBXBuildFile; fileRef = BC075D612836D468009FC4F4 /* ErrorNote+CoreDataClass.swift */; };
		BC075D6A2836D468009FC4F4 /* ErrorNote+CoreDataProperties.swift in Sources */ = {isa = PBXBuildFile; fileRef = BC075D622836D468009FC4F4 /* ErrorNote+CoreDataProperties.swift */; };
		BC075D6B2836D468009FC4F4 /* PlayerNote+CoreDataClass.swift in Sources */ = {isa = PBXBuildFile; fileRef = BC075D632836D468009FC4F4 /* PlayerNote+CoreDataClass.swift */; };
		BC075D6C2836D468009FC4F4 /* PlayerNote+CoreDataProperties.swift in Sources */ = {isa = PBXBuildFile; fileRef = BC075D642836D468009FC4F4 /* PlayerNote+CoreDataProperties.swift */; };
		BC075D6D2836D468009FC4F4 /* MatchNote+CoreDataClass.swift in Sources */ = {isa = PBXBuildFile; fileRef = BC075D652836D468009FC4F4 /* MatchNote+CoreDataClass.swift */; };
		BC075D6E2836D468009FC4F4 /* MatchNote+CoreDataProperties.swift in Sources */ = {isa = PBXBuildFile; fileRef = BC075D662836D468009FC4F4 /* MatchNote+CoreDataProperties.swift */; };
		BC075D6F2836D468009FC4F4 /* TargetNote+CoreDataClass.swift in Sources */ = {isa = PBXBuildFile; fileRef = BC075D672836D468009FC4F4 /* TargetNote+CoreDataClass.swift */; };
		BC075D702836D468009FC4F4 /* TargetNote+CoreDataProperties.swift in Sources */ = {isa = PBXBuildFile; fileRef = BC075D682836D468009FC4F4 /* TargetNote+CoreDataProperties.swift */; };
		BC192A14288ACA3F00033890 /* PlayerTableViewCell.swift in Sources */ = {isa = PBXBuildFile; fileRef = BC192A13288ACA3F00033890 /* PlayerTableViewCell.swift */; };
		BC192A16288ACA5400033890 /* MatchTableViewCell.swift in Sources */ = {isa = PBXBuildFile; fileRef = BC192A15288ACA5400033890 /* MatchTableViewCell.swift */; };
		BC192A19288BEB5400033890 /* Date+Formatter.swift in Sources */ = {isa = PBXBuildFile; fileRef = BC192A18288BEB5400033890 /* Date+Formatter.swift */; };
		BC219DE8280A117A0002D210 /* TargetTableViewCell.swift in Sources */ = {isa = PBXBuildFile; fileRef = BC219DE7280A117A0002D210 /* TargetTableViewCell.swift */; };
		BC219DEA280A11870002D210 /* ErrorTableViewCell.swift in Sources */ = {isa = PBXBuildFile; fileRef = BC219DE9280A11870002D210 /* ErrorTableViewCell.swift */; };
		BC219DEC280A1BD60002D210 /* HintTableViewCell.swift in Sources */ = {isa = PBXBuildFile; fileRef = BC219DEB280A1BD60002D210 /* HintTableViewCell.swift */; };
		BC219DEE280A21CE0002D210 /* PressableTableViewCell.swift in Sources */ = {isa = PBXBuildFile; fileRef = BC219DED280A21CD0002D210 /* PressableTableViewCell.swift */; };
		BC219DF0280B708A0002D210 /* AppStorage.swift in Sources */ = {isa = PBXBuildFile; fileRef = BC219DEF280B708A0002D210 /* AppStorage.swift */; };
		BC219DF5280B71A50002D210 /* Quote .swift in Sources */ = {isa = PBXBuildFile; fileRef = BC219DF4280B71A50002D210 /* Quote .swift */; };
		BC219DF7280B72800002D210 /* quotes.json in Resources */ = {isa = PBXBuildFile; fileRef = BC219DF6280B727F0002D210 /* quotes.json */; };
		BC219DFA280B75E00002D210 /* QuotesManagers.swift in Sources */ = {isa = PBXBuildFile; fileRef = BC219DF9280B75E00002D210 /* QuotesManagers.swift */; };
		BC219DFC280B76410002D210 /* AppContext.swift in Sources */ = {isa = PBXBuildFile; fileRef = BC219DFB280B76410002D210 /* AppContext.swift */; };
		BC219E11280C12E50002D210 /* RobotoMono-VariableFont_wght.ttf in Resources */ = {isa = PBXBuildFile; fileRef = BC219DFE280C12E40002D210 /* RobotoMono-VariableFont_wght.ttf */; };
		BC219E12280C12E50002D210 /* RobotoMono-Italic-VariableFont_wght.ttf in Resources */ = {isa = PBXBuildFile; fileRef = BC219DFF280C12E40002D210 /* RobotoMono-Italic-VariableFont_wght.ttf */; };
		BC219E13280C12E50002D210 /* RobotoMono-Medium.ttf in Resources */ = {isa = PBXBuildFile; fileRef = BC219E01280C12E40002D210 /* RobotoMono-Medium.ttf */; };
		BC219E14280C12E50002D210 /* RobotoMono-SemiBold.ttf in Resources */ = {isa = PBXBuildFile; fileRef = BC219E02280C12E40002D210 /* RobotoMono-SemiBold.ttf */; };
		BC219E15280C12E50002D210 /* RobotoMono-SemiBoldItalic.ttf in Resources */ = {isa = PBXBuildFile; fileRef = BC219E03280C12E40002D210 /* RobotoMono-SemiBoldItalic.ttf */; };
		BC219E16280C12E50002D210 /* RobotoMono-Regular.ttf in Resources */ = {isa = PBXBuildFile; fileRef = BC219E04280C12E40002D210 /* RobotoMono-Regular.ttf */; };
		BC219E17280C12E50002D210 /* RobotoMono-LightItalic.ttf in Resources */ = {isa = PBXBuildFile; fileRef = BC219E05280C12E40002D210 /* RobotoMono-LightItalic.ttf */; };
		BC219E18280C12E50002D210 /* RobotoMono-BoldItalic.ttf in Resources */ = {isa = PBXBuildFile; fileRef = BC219E06280C12E40002D210 /* RobotoMono-BoldItalic.ttf */; };
		BC219E19280C12E50002D210 /* RobotoMono-ExtraLight.ttf in Resources */ = {isa = PBXBuildFile; fileRef = BC219E07280C12E40002D210 /* RobotoMono-ExtraLight.ttf */; };
		BC219E1A280C12E50002D210 /* RobotoMono-ThinItalic.ttf in Resources */ = {isa = PBXBuildFile; fileRef = BC219E08280C12E40002D210 /* RobotoMono-ThinItalic.ttf */; };
		BC219E1B280C12E50002D210 /* RobotoMono-ExtraLightItalic.ttf in Resources */ = {isa = PBXBuildFile; fileRef = BC219E09280C12E40002D210 /* RobotoMono-ExtraLightItalic.ttf */; };
		BC219E1C280C12E50002D210 /* RobotoMono-Light.ttf in Resources */ = {isa = PBXBuildFile; fileRef = BC219E0A280C12E40002D210 /* RobotoMono-Light.ttf */; };
		BC219E1D280C12E50002D210 /* RobotoMono-MediumItalic.ttf in Resources */ = {isa = PBXBuildFile; fileRef = BC219E0B280C12E40002D210 /* RobotoMono-MediumItalic.ttf */; };
		BC219E1E280C12E50002D210 /* RobotoMono-Bold.ttf in Resources */ = {isa = PBXBuildFile; fileRef = BC219E0C280C12E40002D210 /* RobotoMono-Bold.ttf */; };
		BC219E1F280C12E50002D210 /* RobotoMono-Italic.ttf in Resources */ = {isa = PBXBuildFile; fileRef = BC219E0D280C12E40002D210 /* RobotoMono-Italic.ttf */; };
		BC219E20280C12E50002D210 /* RobotoMono-Thin.ttf in Resources */ = {isa = PBXBuildFile; fileRef = BC219E0E280C12E40002D210 /* RobotoMono-Thin.ttf */; };
		BC219E21280C12E50002D210 /* README.txt in Resources */ = {isa = PBXBuildFile; fileRef = BC219E0F280C12E40002D210 /* README.txt */; };
		BC219E22280C12E50002D210 /* LICENSE.txt in Resources */ = {isa = PBXBuildFile; fileRef = BC219E10280C12E40002D210 /* LICENSE.txt */; };
		BC3CF6D6281738780016FA63 /* AddFocusPresenterProtocol.swift in Sources */ = {isa = PBXBuildFile; fileRef = BC3CF6C5281738780016FA63 /* AddFocusPresenterProtocol.swift */; };
		BC3CF6D7281738780016FA63 /* AddFocusEventHandlerProtocol.swift in Sources */ = {isa = PBXBuildFile; fileRef = BC3CF6C6281738780016FA63 /* AddFocusEventHandlerProtocol.swift */; };
		BC3CF6D8281738780016FA63 /* AddFocusRouteModel.swift in Sources */ = {isa = PBXBuildFile; fileRef = BC3CF6C7281738780016FA63 /* AddFocusRouteModel.swift */; };
		BC3CF6D9281738780016FA63 /* AddFocusPresenter.swift in Sources */ = {isa = PBXBuildFile; fileRef = BC3CF6C8281738780016FA63 /* AddFocusPresenter.swift */; };
		BC3CF6DA281738780016FA63 /* AddFocusViewControllerProtocol.swift in Sources */ = {isa = PBXBuildFile; fileRef = BC3CF6CA281738780016FA63 /* AddFocusViewControllerProtocol.swift */; };
		BC3CF6DB281738780016FA63 /* AddFocusViewModel.swift in Sources */ = {isa = PBXBuildFile; fileRef = BC3CF6CB281738780016FA63 /* AddFocusViewModel.swift */; };
		BC3CF6DC281738780016FA63 /* AddFocusViewController.swift in Sources */ = {isa = PBXBuildFile; fileRef = BC3CF6CC281738780016FA63 /* AddFocusViewController.swift */; };
		BC3CF6DD281738780016FA63 /* AddFocusInteractor.swift in Sources */ = {isa = PBXBuildFile; fileRef = BC3CF6CE281738780016FA63 /* AddFocusInteractor.swift */; };
		BC3CF6DE281738780016FA63 /* AddFocusInteractorProtocol.swift in Sources */ = {isa = PBXBuildFile; fileRef = BC3CF6CF281738780016FA63 /* AddFocusInteractorProtocol.swift */; };
		BC3CF6DF281738780016FA63 /* AddFocusEntityGatewayProtocol.swift in Sources */ = {isa = PBXBuildFile; fileRef = BC3CF6D1281738780016FA63 /* AddFocusEntityGatewayProtocol.swift */; };
		BC3CF6E0281738780016FA63 /* AddFocusEntityGateway.swift in Sources */ = {isa = PBXBuildFile; fileRef = BC3CF6D2281738780016FA63 /* AddFocusEntityGateway.swift */; };
		BC3CF6E1281738780016FA63 /* AddFocusRouter.swift in Sources */ = {isa = PBXBuildFile; fileRef = BC3CF6D4281738780016FA63 /* AddFocusRouter.swift */; };
		BC3CF6E2281738780016FA63 /* AddFocusRouterProtocol.swift in Sources */ = {isa = PBXBuildFile; fileRef = BC3CF6D5281738780016FA63 /* AddFocusRouterProtocol.swift */; };
		BC3CF6F6281738830016FA63 /* AddNotePresenterProtocol.swift in Sources */ = {isa = PBXBuildFile; fileRef = BC3CF6E5281738830016FA63 /* AddNotePresenterProtocol.swift */; };
		BC3CF6F7281738830016FA63 /* AddNoteRouteModel.swift in Sources */ = {isa = PBXBuildFile; fileRef = BC3CF6E6281738830016FA63 /* AddNoteRouteModel.swift */; };
		BC3CF6F8281738830016FA63 /* AddNoteEventHandlerProtocol.swift in Sources */ = {isa = PBXBuildFile; fileRef = BC3CF6E7281738830016FA63 /* AddNoteEventHandlerProtocol.swift */; };
		BC3CF6F9281738830016FA63 /* AddNotePresenter.swift in Sources */ = {isa = PBXBuildFile; fileRef = BC3CF6E8281738830016FA63 /* AddNotePresenter.swift */; };
		BC3CF6FA281738830016FA63 /* AddNoteViewModel.swift in Sources */ = {isa = PBXBuildFile; fileRef = BC3CF6EA281738830016FA63 /* AddNoteViewModel.swift */; };
		BC3CF6FB281738830016FA63 /* AddNoteViewController.swift in Sources */ = {isa = PBXBuildFile; fileRef = BC3CF6EB281738830016FA63 /* AddNoteViewController.swift */; };
		BC3CF6FC281738830016FA63 /* AddNoteViewControllerProtocol.swift in Sources */ = {isa = PBXBuildFile; fileRef = BC3CF6EC281738830016FA63 /* AddNoteViewControllerProtocol.swift */; };
		BC3CF6FD281738830016FA63 /* AddNoteInteractorProtocol.swift in Sources */ = {isa = PBXBuildFile; fileRef = BC3CF6EE281738830016FA63 /* AddNoteInteractorProtocol.swift */; };
		BC3CF6FE281738830016FA63 /* AddNoteInteractor.swift in Sources */ = {isa = PBXBuildFile; fileRef = BC3CF6EF281738830016FA63 /* AddNoteInteractor.swift */; };
		BC3CF6FF281738830016FA63 /* AddNoteEntityGateway.swift in Sources */ = {isa = PBXBuildFile; fileRef = BC3CF6F1281738830016FA63 /* AddNoteEntityGateway.swift */; };
		BC3CF700281738830016FA63 /* AddNoteEntityGatewayProtocol.swift in Sources */ = {isa = PBXBuildFile; fileRef = BC3CF6F2281738830016FA63 /* AddNoteEntityGatewayProtocol.swift */; };
		BC3CF701281738830016FA63 /* AddNoteRouterProtocol.swift in Sources */ = {isa = PBXBuildFile; fileRef = BC3CF6F4281738830016FA63 /* AddNoteRouterProtocol.swift */; };
		BC3CF702281738830016FA63 /* AddNoteRouter.swift in Sources */ = {isa = PBXBuildFile; fileRef = BC3CF6F5281738830016FA63 /* AddNoteRouter.swift */; };
		BC42FD98280C41B000357216 /* Tables.swift in Sources */ = {isa = PBXBuildFile; fileRef = BC42FD97280C41B000357216 /* Tables.swift */; };
		BC69B7A1282EE10600D34176 /* DimView.swift in Sources */ = {isa = PBXBuildFile; fileRef = BC69B7A0282EE10600D34176 /* DimView.swift */; };
		BC83F8392804A75B00D73527 /* PressableView.swift in Sources */ = {isa = PBXBuildFile; fileRef = BC83F8382804A75B00D73527 /* PressableView.swift */; };
		BCA08E13281B007300017EF9 /* TableViewCell.swift in Sources */ = {isa = PBXBuildFile; fileRef = BCA08E12281B007300017EF9 /* TableViewCell.swift */; };
		BCA08E35281C1F5D00017EF9 /* ManagedContextObject.swift in Sources */ = {isa = PBXBuildFile; fileRef = BCA08E34281C1F5D00017EF9 /* ManagedContextObject.swift */; };
		BCA08E37281EF5F400017EF9 /* Notifications.swift in Sources */ = {isa = PBXBuildFile; fileRef = BCA08E36281EF5F400017EF9 /* Notifications.swift */; };
		BCC8F3D1280224DC00F9AAB3 /* AppDelegate.swift in Sources */ = {isa = PBXBuildFile; fileRef = BCC8F3D0280224DC00F9AAB3 /* AppDelegate.swift */; };
		BCC8F3D3280224DC00F9AAB3 /* SceneDelegate.swift in Sources */ = {isa = PBXBuildFile; fileRef = BCC8F3D2280224DC00F9AAB3 /* SceneDelegate.swift */; };
		BCC8F3D8280224DC00F9AAB3 /* Main.storyboard in Resources */ = {isa = PBXBuildFile; fileRef = BCC8F3D6280224DC00F9AAB3 /* Main.storyboard */; };
		BCC8F3DA280224DE00F9AAB3 /* Icons.xcassets in Resources */ = {isa = PBXBuildFile; fileRef = BCC8F3D9280224DE00F9AAB3 /* Icons.xcassets */; };
		BCC8F3DD280224DE00F9AAB3 /* LaunchScreen.storyboard in Resources */ = {isa = PBXBuildFile; fileRef = BCC8F3DB280224DE00F9AAB3 /* LaunchScreen.storyboard */; };
		BCC8F44D2802346B00F9AAB3 /* SettingsPresenterProtocol.swift in Sources */ = {isa = PBXBuildFile; fileRef = BCC8F4032802346A00F9AAB3 /* SettingsPresenterProtocol.swift */; };
		BCC8F44E2802346B00F9AAB3 /* SettingsEventHandlerProtocol.swift in Sources */ = {isa = PBXBuildFile; fileRef = BCC8F4042802346A00F9AAB3 /* SettingsEventHandlerProtocol.swift */; };
		BCC8F44F2802346B00F9AAB3 /* SettingsRouteModel.swift in Sources */ = {isa = PBXBuildFile; fileRef = BCC8F4052802346A00F9AAB3 /* SettingsRouteModel.swift */; };
		BCC8F4502802346B00F9AAB3 /* SettingsPresenter.swift in Sources */ = {isa = PBXBuildFile; fileRef = BCC8F4062802346A00F9AAB3 /* SettingsPresenter.swift */; };
		BCC8F4512802346B00F9AAB3 /* SettingsViewModel.swift in Sources */ = {isa = PBXBuildFile; fileRef = BCC8F4082802346A00F9AAB3 /* SettingsViewModel.swift */; };
		BCC8F4522802346B00F9AAB3 /* SettingsViewControllerProtocol.swift in Sources */ = {isa = PBXBuildFile; fileRef = BCC8F4092802346A00F9AAB3 /* SettingsViewControllerProtocol.swift */; };
		BCC8F4532802346B00F9AAB3 /* SettingsViewController.swift in Sources */ = {isa = PBXBuildFile; fileRef = BCC8F40A2802346A00F9AAB3 /* SettingsViewController.swift */; };
		BCC8F4542802346B00F9AAB3 /* SettingsInteractorProtocol.swift in Sources */ = {isa = PBXBuildFile; fileRef = BCC8F40C2802346A00F9AAB3 /* SettingsInteractorProtocol.swift */; };
		BCC8F4552802346B00F9AAB3 /* SettingsInteractor.swift in Sources */ = {isa = PBXBuildFile; fileRef = BCC8F40D2802346A00F9AAB3 /* SettingsInteractor.swift */; };
		BCC8F4562802346B00F9AAB3 /* SettingsEntityGatewayProtocol.swift in Sources */ = {isa = PBXBuildFile; fileRef = BCC8F40F2802346A00F9AAB3 /* SettingsEntityGatewayProtocol.swift */; };
		BCC8F4572802346B00F9AAB3 /* SettingsEntityGateway.swift in Sources */ = {isa = PBXBuildFile; fileRef = BCC8F4102802346A00F9AAB3 /* SettingsEntityGateway.swift */; };
		BCC8F4582802346B00F9AAB3 /* SettingsRouter.swift in Sources */ = {isa = PBXBuildFile; fileRef = BCC8F4122802346A00F9AAB3 /* SettingsRouter.swift */; };
		BCC8F4592802346B00F9AAB3 /* SettingsRouterProtocol.swift in Sources */ = {isa = PBXBuildFile; fileRef = BCC8F4132802346A00F9AAB3 /* SettingsRouterProtocol.swift */; };
		BCC8F45A2802346B00F9AAB3 /* HomePresenterProtocol.swift in Sources */ = {isa = PBXBuildFile; fileRef = BCC8F4162802346A00F9AAB3 /* HomePresenterProtocol.swift */; };
		BCC8F45B2802346B00F9AAB3 /* HomeEventHandlerProtocol.swift in Sources */ = {isa = PBXBuildFile; fileRef = BCC8F4172802346A00F9AAB3 /* HomeEventHandlerProtocol.swift */; };
		BCC8F45C2802346B00F9AAB3 /* HomeRouteModel.swift in Sources */ = {isa = PBXBuildFile; fileRef = BCC8F4182802346A00F9AAB3 /* HomeRouteModel.swift */; };
		BCC8F45D2802346B00F9AAB3 /* HomePresenter.swift in Sources */ = {isa = PBXBuildFile; fileRef = BCC8F4192802346A00F9AAB3 /* HomePresenter.swift */; };
		BCC8F45E2802346B00F9AAB3 /* HomeViewModel.swift in Sources */ = {isa = PBXBuildFile; fileRef = BCC8F41B2802346A00F9AAB3 /* HomeViewModel.swift */; };
		BCC8F45F2802346B00F9AAB3 /* HomeViewController.swift in Sources */ = {isa = PBXBuildFile; fileRef = BCC8F41C2802346A00F9AAB3 /* HomeViewController.swift */; };
		BCC8F4602802346B00F9AAB3 /* HomeViewControllerProtocol.swift in Sources */ = {isa = PBXBuildFile; fileRef = BCC8F41D2802346A00F9AAB3 /* HomeViewControllerProtocol.swift */; };
		BCC8F4612802346B00F9AAB3 /* HomeInteractor.swift in Sources */ = {isa = PBXBuildFile; fileRef = BCC8F41F2802346A00F9AAB3 /* HomeInteractor.swift */; };
		BCC8F4622802346B00F9AAB3 /* HomeInteractorProtocol.swift in Sources */ = {isa = PBXBuildFile; fileRef = BCC8F4202802346A00F9AAB3 /* HomeInteractorProtocol.swift */; };
		BCC8F4632802346B00F9AAB3 /* HomeEntityGatewayProtocol.swift in Sources */ = {isa = PBXBuildFile; fileRef = BCC8F4222802346A00F9AAB3 /* HomeEntityGatewayProtocol.swift */; };
		BCC8F4642802346B00F9AAB3 /* HomeEntityGateway.swift in Sources */ = {isa = PBXBuildFile; fileRef = BCC8F4232802346A00F9AAB3 /* HomeEntityGateway.swift */; };
		BCC8F4652802346B00F9AAB3 /* HomeRouter.swift in Sources */ = {isa = PBXBuildFile; fileRef = BCC8F4252802346A00F9AAB3 /* HomeRouter.swift */; };
		BCC8F4662802346B00F9AAB3 /* HomeRouterProtocol.swift in Sources */ = {isa = PBXBuildFile; fileRef = BCC8F4262802346A00F9AAB3 /* HomeRouterProtocol.swift */; };
		BCC8F4672802346B00F9AAB3 /* FocusEventHandlerProtocol.swift in Sources */ = {isa = PBXBuildFile; fileRef = BCC8F4292802346A00F9AAB3 /* FocusEventHandlerProtocol.swift */; };
		BCC8F4682802346B00F9AAB3 /* FocusRouteModel.swift in Sources */ = {isa = PBXBuildFile; fileRef = BCC8F42A2802346A00F9AAB3 /* FocusRouteModel.swift */; };
		BCC8F4692802346B00F9AAB3 /* FocusPresenterProtocol.swift in Sources */ = {isa = PBXBuildFile; fileRef = BCC8F42B2802346A00F9AAB3 /* FocusPresenterProtocol.swift */; };
		BCC8F46A2802346B00F9AAB3 /* FocusPresenter.swift in Sources */ = {isa = PBXBuildFile; fileRef = BCC8F42C2802346A00F9AAB3 /* FocusPresenter.swift */; };
		BCC8F46B2802346B00F9AAB3 /* FocusViewModel.swift in Sources */ = {isa = PBXBuildFile; fileRef = BCC8F42E2802346A00F9AAB3 /* FocusViewModel.swift */; };
		BCC8F46C2802346B00F9AAB3 /* FocusViewControllerProtocol.swift in Sources */ = {isa = PBXBuildFile; fileRef = BCC8F42F2802346A00F9AAB3 /* FocusViewControllerProtocol.swift */; };
		BCC8F46D2802346B00F9AAB3 /* FocusViewController.swift in Sources */ = {isa = PBXBuildFile; fileRef = BCC8F4302802346A00F9AAB3 /* FocusViewController.swift */; };
		BCC8F46E2802346B00F9AAB3 /* FocusInteractorProtocol.swift in Sources */ = {isa = PBXBuildFile; fileRef = BCC8F4322802346A00F9AAB3 /* FocusInteractorProtocol.swift */; };
		BCC8F46F2802346B00F9AAB3 /* FocusInteractor.swift in Sources */ = {isa = PBXBuildFile; fileRef = BCC8F4332802346A00F9AAB3 /* FocusInteractor.swift */; };
		BCC8F4702802346B00F9AAB3 /* FocusEntityGatewayProtocol.swift in Sources */ = {isa = PBXBuildFile; fileRef = BCC8F4352802346A00F9AAB3 /* FocusEntityGatewayProtocol.swift */; };
		BCC8F4712802346B00F9AAB3 /* FocusEntityGateway.swift in Sources */ = {isa = PBXBuildFile; fileRef = BCC8F4362802346A00F9AAB3 /* FocusEntityGateway.swift */; };
		BCC8F4722802346B00F9AAB3 /* FocusRouter.swift in Sources */ = {isa = PBXBuildFile; fileRef = BCC8F4382802346A00F9AAB3 /* FocusRouter.swift */; };
		BCC8F4732802346B00F9AAB3 /* FocusRouterProtocol.swift in Sources */ = {isa = PBXBuildFile; fileRef = BCC8F4392802346A00F9AAB3 /* FocusRouterProtocol.swift */; };
		BCC8F4742802346B00F9AAB3 /* NotesPresenterProtocol.swift in Sources */ = {isa = PBXBuildFile; fileRef = BCC8F43C2802346A00F9AAB3 /* NotesPresenterProtocol.swift */; };
		BCC8F4752802346B00F9AAB3 /* NotesEventHandlerProtocol.swift in Sources */ = {isa = PBXBuildFile; fileRef = BCC8F43D2802346A00F9AAB3 /* NotesEventHandlerProtocol.swift */; };
		BCC8F4762802346B00F9AAB3 /* NotesPresenter.swift in Sources */ = {isa = PBXBuildFile; fileRef = BCC8F43E2802346A00F9AAB3 /* NotesPresenter.swift */; };
		BCC8F4772802346B00F9AAB3 /* NotesRouteModel.swift in Sources */ = {isa = PBXBuildFile; fileRef = BCC8F43F2802346A00F9AAB3 /* NotesRouteModel.swift */; };
		BCC8F4782802346B00F9AAB3 /* NotesViewModel.swift in Sources */ = {isa = PBXBuildFile; fileRef = BCC8F4412802346A00F9AAB3 /* NotesViewModel.swift */; };
		BCC8F4792802346B00F9AAB3 /* NotesViewController.swift in Sources */ = {isa = PBXBuildFile; fileRef = BCC8F4422802346A00F9AAB3 /* NotesViewController.swift */; };
		BCC8F47A2802346B00F9AAB3 /* NotesViewControllerProtocol.swift in Sources */ = {isa = PBXBuildFile; fileRef = BCC8F4432802346A00F9AAB3 /* NotesViewControllerProtocol.swift */; };
		BCC8F47B2802346B00F9AAB3 /* NotesInteractorProtocol.swift in Sources */ = {isa = PBXBuildFile; fileRef = BCC8F4452802346A00F9AAB3 /* NotesInteractorProtocol.swift */; };
		BCC8F47C2802346B00F9AAB3 /* NotesInteractor.swift in Sources */ = {isa = PBXBuildFile; fileRef = BCC8F4462802346A00F9AAB3 /* NotesInteractor.swift */; };
		BCC8F47D2802346B00F9AAB3 /* NotesEntityGateway.swift in Sources */ = {isa = PBXBuildFile; fileRef = BCC8F4482802346A00F9AAB3 /* NotesEntityGateway.swift */; };
		BCC8F47E2802346B00F9AAB3 /* NotesEntityGatewayProtocol.swift in Sources */ = {isa = PBXBuildFile; fileRef = BCC8F4492802346A00F9AAB3 /* NotesEntityGatewayProtocol.swift */; };
		BCC8F47F2802346B00F9AAB3 /* NotesRouterProtocol.swift in Sources */ = {isa = PBXBuildFile; fileRef = BCC8F44B2802346A00F9AAB3 /* NotesRouterProtocol.swift */; };
		BCC8F4802802346B00F9AAB3 /* NotesRouter.swift in Sources */ = {isa = PBXBuildFile; fileRef = BCC8F44C2802346A00F9AAB3 /* NotesRouter.swift */; };
		BCC8F4862802523900F9AAB3 /* Model.xcdatamodeld in Sources */ = {isa = PBXBuildFile; fileRef = BCC8F4842802523900F9AAB3 /* Model.xcdatamodeld */; };
		BCC8F4882802E54200F9AAB3 /* RouteModelProtocol.swift in Sources */ = {isa = PBXBuildFile; fileRef = BCC8F4872802E54200F9AAB3 /* RouteModelProtocol.swift */; };
		BCC8F48A2802E55D00F9AAB3 /* RouteProtocol.swift in Sources */ = {isa = PBXBuildFile; fileRef = BCC8F4892802E55D00F9AAB3 /* RouteProtocol.swift */; };
		BCEE15EF28036F930051BE2F /* TableSelector.swift in Sources */ = {isa = PBXBuildFile; fileRef = BCEE15EE28036F930051BE2F /* TableSelector.swift */; };
		BCEE15F6280379220051BE2F /* Localizable.strings in Resources */ = {isa = PBXBuildFile; fileRef = BCEE15F8280379220051BE2F /* Localizable.strings */; };
		BCEE15FE280379F70051BE2F /* Colors.xcassets in Resources */ = {isa = PBXBuildFile; fileRef = BCEE15FD280379F70051BE2F /* Colors.xcassets */; };
		BCEE160028037A060051BE2F /* Images.xcassets in Resources */ = {isa = PBXBuildFile; fileRef = BCEE15FF28037A060051BE2F /* Images.xcassets */; };
		BCEE1605280380620051BE2F /* swiftgen.yml in Resources */ = {isa = PBXBuildFile; fileRef = BCEE1604280380620051BE2F /* swiftgen.yml */; };
		BCEE1609280380D10051BE2F /* Strings.swift in Sources */ = {isa = PBXBuildFile; fileRef = BCEE1607280380D10051BE2F /* Strings.swift */; };
		BCEE160A280380D10051BE2F /* Assets.swift in Sources */ = {isa = PBXBuildFile; fileRef = BCEE1608280380D10051BE2F /* Assets.swift */; };
		BCEE160C280385A80051BE2F /* structured-swift5-localizable.stencil in Resources */ = {isa = PBXBuildFile; fileRef = BCEE160B280385A80051BE2F /* structured-swift5-localizable.stencil */; };
/* End PBXBuildFile section */

/* Begin PBXFileReference section */
		BC075D3D28317495009FC4F4 /* GoogleService-Info.plist */ = {isa = PBXFileReference; fileEncoding = 4; lastKnownFileType = text.plist.xml; name = "GoogleService-Info.plist"; path = "../../../../../Downloads/GoogleService-Info.plist"; sourceTree = "<group>"; };
		BC075D3F28317536009FC4F4 /* AnalyticsManager.swift */ = {isa = PBXFileReference; lastKnownFileType = sourcecode.swift; path = AnalyticsManager.swift; sourceTree = "<group>"; };
		BC075D612836D468009FC4F4 /* ErrorNote+CoreDataClass.swift */ = {isa = PBXFileReference; lastKnownFileType = sourcecode.swift; path = "ErrorNote+CoreDataClass.swift"; sourceTree = "<group>"; };
		BC075D622836D468009FC4F4 /* ErrorNote+CoreDataProperties.swift */ = {isa = PBXFileReference; lastKnownFileType = sourcecode.swift; path = "ErrorNote+CoreDataProperties.swift"; sourceTree = "<group>"; };
		BC075D632836D468009FC4F4 /* PlayerNote+CoreDataClass.swift */ = {isa = PBXFileReference; lastKnownFileType = sourcecode.swift; path = "PlayerNote+CoreDataClass.swift"; sourceTree = "<group>"; };
		BC075D642836D468009FC4F4 /* PlayerNote+CoreDataProperties.swift */ = {isa = PBXFileReference; lastKnownFileType = sourcecode.swift; path = "PlayerNote+CoreDataProperties.swift"; sourceTree = "<group>"; };
		BC075D652836D468009FC4F4 /* MatchNote+CoreDataClass.swift */ = {isa = PBXFileReference; lastKnownFileType = sourcecode.swift; path = "MatchNote+CoreDataClass.swift"; sourceTree = "<group>"; };
		BC075D662836D468009FC4F4 /* MatchNote+CoreDataProperties.swift */ = {isa = PBXFileReference; lastKnownFileType = sourcecode.swift; path = "MatchNote+CoreDataProperties.swift"; sourceTree = "<group>"; };
		BC075D672836D468009FC4F4 /* TargetNote+CoreDataClass.swift */ = {isa = PBXFileReference; lastKnownFileType = sourcecode.swift; path = "TargetNote+CoreDataClass.swift"; sourceTree = "<group>"; };
		BC075D682836D468009FC4F4 /* TargetNote+CoreDataProperties.swift */ = {isa = PBXFileReference; lastKnownFileType = sourcecode.swift; path = "TargetNote+CoreDataProperties.swift"; sourceTree = "<group>"; };
		BC192A13288ACA3F00033890 /* PlayerTableViewCell.swift */ = {isa = PBXFileReference; lastKnownFileType = sourcecode.swift; path = PlayerTableViewCell.swift; sourceTree = "<group>"; };
		BC192A15288ACA5400033890 /* MatchTableViewCell.swift */ = {isa = PBXFileReference; lastKnownFileType = sourcecode.swift; path = MatchTableViewCell.swift; sourceTree = "<group>"; };
		BC192A18288BEB5400033890 /* Date+Formatter.swift */ = {isa = PBXFileReference; lastKnownFileType = sourcecode.swift; path = "Date+Formatter.swift"; sourceTree = "<group>"; };
		BC219DE7280A117A0002D210 /* TargetTableViewCell.swift */ = {isa = PBXFileReference; lastKnownFileType = sourcecode.swift; path = TargetTableViewCell.swift; sourceTree = "<group>"; };
		BC219DE9280A11870002D210 /* ErrorTableViewCell.swift */ = {isa = PBXFileReference; lastKnownFileType = sourcecode.swift; path = ErrorTableViewCell.swift; sourceTree = "<group>"; };
		BC219DEB280A1BD60002D210 /* HintTableViewCell.swift */ = {isa = PBXFileReference; lastKnownFileType = sourcecode.swift; path = HintTableViewCell.swift; sourceTree = "<group>"; };
		BC219DED280A21CD0002D210 /* PressableTableViewCell.swift */ = {isa = PBXFileReference; lastKnownFileType = sourcecode.swift; path = PressableTableViewCell.swift; sourceTree = "<group>"; };
		BC219DEF280B708A0002D210 /* AppStorage.swift */ = {isa = PBXFileReference; lastKnownFileType = sourcecode.swift; path = AppStorage.swift; sourceTree = "<group>"; };
		BC219DF4280B71A50002D210 /* Quote .swift */ = {isa = PBXFileReference; lastKnownFileType = sourcecode.swift; path = "Quote .swift"; sourceTree = "<group>"; };
		BC219DF6280B727F0002D210 /* quotes.json */ = {isa = PBXFileReference; fileEncoding = 4; lastKnownFileType = text.json; path = quotes.json; sourceTree = "<group>"; };
		BC219DF9280B75E00002D210 /* QuotesManagers.swift */ = {isa = PBXFileReference; lastKnownFileType = sourcecode.swift; path = QuotesManagers.swift; sourceTree = "<group>"; };
		BC219DFB280B76410002D210 /* AppContext.swift */ = {isa = PBXFileReference; lastKnownFileType = sourcecode.swift; path = AppContext.swift; sourceTree = "<group>"; };
		BC219DFE280C12E40002D210 /* RobotoMono-VariableFont_wght.ttf */ = {isa = PBXFileReference; lastKnownFileType = file; path = "RobotoMono-VariableFont_wght.ttf"; sourceTree = "<group>"; };
		BC219DFF280C12E40002D210 /* RobotoMono-Italic-VariableFont_wght.ttf */ = {isa = PBXFileReference; lastKnownFileType = file; path = "RobotoMono-Italic-VariableFont_wght.ttf"; sourceTree = "<group>"; };
		BC219E01280C12E40002D210 /* RobotoMono-Medium.ttf */ = {isa = PBXFileReference; lastKnownFileType = file; path = "RobotoMono-Medium.ttf"; sourceTree = "<group>"; };
		BC219E02280C12E40002D210 /* RobotoMono-SemiBold.ttf */ = {isa = PBXFileReference; lastKnownFileType = file; path = "RobotoMono-SemiBold.ttf"; sourceTree = "<group>"; };
		BC219E03280C12E40002D210 /* RobotoMono-SemiBoldItalic.ttf */ = {isa = PBXFileReference; lastKnownFileType = file; path = "RobotoMono-SemiBoldItalic.ttf"; sourceTree = "<group>"; };
		BC219E04280C12E40002D210 /* RobotoMono-Regular.ttf */ = {isa = PBXFileReference; lastKnownFileType = file; path = "RobotoMono-Regular.ttf"; sourceTree = "<group>"; };
		BC219E05280C12E40002D210 /* RobotoMono-LightItalic.ttf */ = {isa = PBXFileReference; lastKnownFileType = file; path = "RobotoMono-LightItalic.ttf"; sourceTree = "<group>"; };
		BC219E06280C12E40002D210 /* RobotoMono-BoldItalic.ttf */ = {isa = PBXFileReference; lastKnownFileType = file; path = "RobotoMono-BoldItalic.ttf"; sourceTree = "<group>"; };
		BC219E07280C12E40002D210 /* RobotoMono-ExtraLight.ttf */ = {isa = PBXFileReference; lastKnownFileType = file; path = "RobotoMono-ExtraLight.ttf"; sourceTree = "<group>"; };
		BC219E08280C12E40002D210 /* RobotoMono-ThinItalic.ttf */ = {isa = PBXFileReference; lastKnownFileType = file; path = "RobotoMono-ThinItalic.ttf"; sourceTree = "<group>"; };
		BC219E09280C12E40002D210 /* RobotoMono-ExtraLightItalic.ttf */ = {isa = PBXFileReference; lastKnownFileType = file; path = "RobotoMono-ExtraLightItalic.ttf"; sourceTree = "<group>"; };
		BC219E0A280C12E40002D210 /* RobotoMono-Light.ttf */ = {isa = PBXFileReference; lastKnownFileType = file; path = "RobotoMono-Light.ttf"; sourceTree = "<group>"; };
		BC219E0B280C12E40002D210 /* RobotoMono-MediumItalic.ttf */ = {isa = PBXFileReference; lastKnownFileType = file; path = "RobotoMono-MediumItalic.ttf"; sourceTree = "<group>"; };
		BC219E0C280C12E40002D210 /* RobotoMono-Bold.ttf */ = {isa = PBXFileReference; lastKnownFileType = file; path = "RobotoMono-Bold.ttf"; sourceTree = "<group>"; };
		BC219E0D280C12E40002D210 /* RobotoMono-Italic.ttf */ = {isa = PBXFileReference; lastKnownFileType = file; path = "RobotoMono-Italic.ttf"; sourceTree = "<group>"; };
		BC219E0E280C12E40002D210 /* RobotoMono-Thin.ttf */ = {isa = PBXFileReference; lastKnownFileType = file; path = "RobotoMono-Thin.ttf"; sourceTree = "<group>"; };
		BC219E0F280C12E40002D210 /* README.txt */ = {isa = PBXFileReference; fileEncoding = 4; lastKnownFileType = text; path = README.txt; sourceTree = "<group>"; };
		BC219E10280C12E40002D210 /* LICENSE.txt */ = {isa = PBXFileReference; fileEncoding = 4; lastKnownFileType = text; path = LICENSE.txt; sourceTree = "<group>"; };
		BC3CF6C5281738780016FA63 /* AddFocusPresenterProtocol.swift */ = {isa = PBXFileReference; fileEncoding = 4; lastKnownFileType = sourcecode.swift; path = AddFocusPresenterProtocol.swift; sourceTree = "<group>"; };
		BC3CF6C6281738780016FA63 /* AddFocusEventHandlerProtocol.swift */ = {isa = PBXFileReference; fileEncoding = 4; lastKnownFileType = sourcecode.swift; path = AddFocusEventHandlerProtocol.swift; sourceTree = "<group>"; };
		BC3CF6C7281738780016FA63 /* AddFocusRouteModel.swift */ = {isa = PBXFileReference; fileEncoding = 4; lastKnownFileType = sourcecode.swift; path = AddFocusRouteModel.swift; sourceTree = "<group>"; };
		BC3CF6C8281738780016FA63 /* AddFocusPresenter.swift */ = {isa = PBXFileReference; fileEncoding = 4; lastKnownFileType = sourcecode.swift; path = AddFocusPresenter.swift; sourceTree = "<group>"; };
		BC3CF6CA281738780016FA63 /* AddFocusViewControllerProtocol.swift */ = {isa = PBXFileReference; fileEncoding = 4; lastKnownFileType = sourcecode.swift; path = AddFocusViewControllerProtocol.swift; sourceTree = "<group>"; };
		BC3CF6CB281738780016FA63 /* AddFocusViewModel.swift */ = {isa = PBXFileReference; fileEncoding = 4; lastKnownFileType = sourcecode.swift; path = AddFocusViewModel.swift; sourceTree = "<group>"; };
		BC3CF6CC281738780016FA63 /* AddFocusViewController.swift */ = {isa = PBXFileReference; fileEncoding = 4; lastKnownFileType = sourcecode.swift; path = AddFocusViewController.swift; sourceTree = "<group>"; };
		BC3CF6CE281738780016FA63 /* AddFocusInteractor.swift */ = {isa = PBXFileReference; fileEncoding = 4; lastKnownFileType = sourcecode.swift; path = AddFocusInteractor.swift; sourceTree = "<group>"; };
		BC3CF6CF281738780016FA63 /* AddFocusInteractorProtocol.swift */ = {isa = PBXFileReference; fileEncoding = 4; lastKnownFileType = sourcecode.swift; path = AddFocusInteractorProtocol.swift; sourceTree = "<group>"; };
		BC3CF6D1281738780016FA63 /* AddFocusEntityGatewayProtocol.swift */ = {isa = PBXFileReference; fileEncoding = 4; lastKnownFileType = sourcecode.swift; path = AddFocusEntityGatewayProtocol.swift; sourceTree = "<group>"; };
		BC3CF6D2281738780016FA63 /* AddFocusEntityGateway.swift */ = {isa = PBXFileReference; fileEncoding = 4; lastKnownFileType = sourcecode.swift; path = AddFocusEntityGateway.swift; sourceTree = "<group>"; };
		BC3CF6D4281738780016FA63 /* AddFocusRouter.swift */ = {isa = PBXFileReference; fileEncoding = 4; lastKnownFileType = sourcecode.swift; path = AddFocusRouter.swift; sourceTree = "<group>"; };
		BC3CF6D5281738780016FA63 /* AddFocusRouterProtocol.swift */ = {isa = PBXFileReference; fileEncoding = 4; lastKnownFileType = sourcecode.swift; path = AddFocusRouterProtocol.swift; sourceTree = "<group>"; };
		BC3CF6E5281738830016FA63 /* AddNotePresenterProtocol.swift */ = {isa = PBXFileReference; fileEncoding = 4; lastKnownFileType = sourcecode.swift; path = AddNotePresenterProtocol.swift; sourceTree = "<group>"; };
		BC3CF6E6281738830016FA63 /* AddNoteRouteModel.swift */ = {isa = PBXFileReference; fileEncoding = 4; lastKnownFileType = sourcecode.swift; path = AddNoteRouteModel.swift; sourceTree = "<group>"; };
		BC3CF6E7281738830016FA63 /* AddNoteEventHandlerProtocol.swift */ = {isa = PBXFileReference; fileEncoding = 4; lastKnownFileType = sourcecode.swift; path = AddNoteEventHandlerProtocol.swift; sourceTree = "<group>"; };
		BC3CF6E8281738830016FA63 /* AddNotePresenter.swift */ = {isa = PBXFileReference; fileEncoding = 4; lastKnownFileType = sourcecode.swift; path = AddNotePresenter.swift; sourceTree = "<group>"; };
		BC3CF6EA281738830016FA63 /* AddNoteViewModel.swift */ = {isa = PBXFileReference; fileEncoding = 4; lastKnownFileType = sourcecode.swift; path = AddNoteViewModel.swift; sourceTree = "<group>"; };
		BC3CF6EB281738830016FA63 /* AddNoteViewController.swift */ = {isa = PBXFileReference; fileEncoding = 4; lastKnownFileType = sourcecode.swift; path = AddNoteViewController.swift; sourceTree = "<group>"; };
		BC3CF6EC281738830016FA63 /* AddNoteViewControllerProtocol.swift */ = {isa = PBXFileReference; fileEncoding = 4; lastKnownFileType = sourcecode.swift; path = AddNoteViewControllerProtocol.swift; sourceTree = "<group>"; };
		BC3CF6EE281738830016FA63 /* AddNoteInteractorProtocol.swift */ = {isa = PBXFileReference; fileEncoding = 4; lastKnownFileType = sourcecode.swift; path = AddNoteInteractorProtocol.swift; sourceTree = "<group>"; };
		BC3CF6EF281738830016FA63 /* AddNoteInteractor.swift */ = {isa = PBXFileReference; fileEncoding = 4; lastKnownFileType = sourcecode.swift; path = AddNoteInteractor.swift; sourceTree = "<group>"; };
		BC3CF6F1281738830016FA63 /* AddNoteEntityGateway.swift */ = {isa = PBXFileReference; fileEncoding = 4; lastKnownFileType = sourcecode.swift; path = AddNoteEntityGateway.swift; sourceTree = "<group>"; };
		BC3CF6F2281738830016FA63 /* AddNoteEntityGatewayProtocol.swift */ = {isa = PBXFileReference; fileEncoding = 4; lastKnownFileType = sourcecode.swift; path = AddNoteEntityGatewayProtocol.swift; sourceTree = "<group>"; };
		BC3CF6F4281738830016FA63 /* AddNoteRouterProtocol.swift */ = {isa = PBXFileReference; fileEncoding = 4; lastKnownFileType = sourcecode.swift; path = AddNoteRouterProtocol.swift; sourceTree = "<group>"; };
		BC3CF6F5281738830016FA63 /* AddNoteRouter.swift */ = {isa = PBXFileReference; fileEncoding = 4; lastKnownFileType = sourcecode.swift; path = AddNoteRouter.swift; sourceTree = "<group>"; };
		BC42FD97280C41B000357216 /* Tables.swift */ = {isa = PBXFileReference; lastKnownFileType = sourcecode.swift; path = Tables.swift; sourceTree = "<group>"; };
		BC69B7A0282EE10600D34176 /* DimView.swift */ = {isa = PBXFileReference; lastKnownFileType = sourcecode.swift; path = DimView.swift; sourceTree = "<group>"; };
		BC83F8382804A75B00D73527 /* PressableView.swift */ = {isa = PBXFileReference; lastKnownFileType = sourcecode.swift; path = PressableView.swift; sourceTree = "<group>"; };
		BCA08E12281B007300017EF9 /* TableViewCell.swift */ = {isa = PBXFileReference; lastKnownFileType = sourcecode.swift; path = TableViewCell.swift; sourceTree = "<group>"; };
		BCA08E34281C1F5D00017EF9 /* ManagedContextObject.swift */ = {isa = PBXFileReference; lastKnownFileType = sourcecode.swift; path = ManagedContextObject.swift; sourceTree = "<group>"; };
		BCA08E36281EF5F400017EF9 /* Notifications.swift */ = {isa = PBXFileReference; lastKnownFileType = sourcecode.swift; path = Notifications.swift; sourceTree = "<group>"; };
		BCC8F3CD280224DC00F9AAB3 /* Tennis Notes.app */ = {isa = PBXFileReference; explicitFileType = wrapper.application; includeInIndex = 0; path = "Tennis Notes.app"; sourceTree = BUILT_PRODUCTS_DIR; };
		BCC8F3D0280224DC00F9AAB3 /* AppDelegate.swift */ = {isa = PBXFileReference; lastKnownFileType = sourcecode.swift; path = AppDelegate.swift; sourceTree = "<group>"; };
		BCC8F3D2280224DC00F9AAB3 /* SceneDelegate.swift */ = {isa = PBXFileReference; lastKnownFileType = sourcecode.swift; path = SceneDelegate.swift; sourceTree = "<group>"; };
		BCC8F3D9280224DE00F9AAB3 /* Icons.xcassets */ = {isa = PBXFileReference; lastKnownFileType = folder.assetcatalog; path = Icons.xcassets; sourceTree = "<group>"; };
		BCC8F3DE280224DE00F9AAB3 /* Info.plist */ = {isa = PBXFileReference; lastKnownFileType = text.plist.xml; path = Info.plist; sourceTree = "<group>"; };
		BCC8F4032802346A00F9AAB3 /* SettingsPresenterProtocol.swift */ = {isa = PBXFileReference; fileEncoding = 4; lastKnownFileType = sourcecode.swift; path = SettingsPresenterProtocol.swift; sourceTree = "<group>"; };
		BCC8F4042802346A00F9AAB3 /* SettingsEventHandlerProtocol.swift */ = {isa = PBXFileReference; fileEncoding = 4; lastKnownFileType = sourcecode.swift; path = SettingsEventHandlerProtocol.swift; sourceTree = "<group>"; };
		BCC8F4052802346A00F9AAB3 /* SettingsRouteModel.swift */ = {isa = PBXFileReference; fileEncoding = 4; lastKnownFileType = sourcecode.swift; path = SettingsRouteModel.swift; sourceTree = "<group>"; };
		BCC8F4062802346A00F9AAB3 /* SettingsPresenter.swift */ = {isa = PBXFileReference; fileEncoding = 4; lastKnownFileType = sourcecode.swift; path = SettingsPresenter.swift; sourceTree = "<group>"; };
		BCC8F4082802346A00F9AAB3 /* SettingsViewModel.swift */ = {isa = PBXFileReference; fileEncoding = 4; lastKnownFileType = sourcecode.swift; path = SettingsViewModel.swift; sourceTree = "<group>"; };
		BCC8F4092802346A00F9AAB3 /* SettingsViewControllerProtocol.swift */ = {isa = PBXFileReference; fileEncoding = 4; lastKnownFileType = sourcecode.swift; path = SettingsViewControllerProtocol.swift; sourceTree = "<group>"; };
		BCC8F40A2802346A00F9AAB3 /* SettingsViewController.swift */ = {isa = PBXFileReference; fileEncoding = 4; lastKnownFileType = sourcecode.swift; path = SettingsViewController.swift; sourceTree = "<group>"; };
		BCC8F40C2802346A00F9AAB3 /* SettingsInteractorProtocol.swift */ = {isa = PBXFileReference; fileEncoding = 4; lastKnownFileType = sourcecode.swift; path = SettingsInteractorProtocol.swift; sourceTree = "<group>"; };
		BCC8F40D2802346A00F9AAB3 /* SettingsInteractor.swift */ = {isa = PBXFileReference; fileEncoding = 4; lastKnownFileType = sourcecode.swift; path = SettingsInteractor.swift; sourceTree = "<group>"; };
		BCC8F40F2802346A00F9AAB3 /* SettingsEntityGatewayProtocol.swift */ = {isa = PBXFileReference; fileEncoding = 4; lastKnownFileType = sourcecode.swift; path = SettingsEntityGatewayProtocol.swift; sourceTree = "<group>"; };
		BCC8F4102802346A00F9AAB3 /* SettingsEntityGateway.swift */ = {isa = PBXFileReference; fileEncoding = 4; lastKnownFileType = sourcecode.swift; path = SettingsEntityGateway.swift; sourceTree = "<group>"; };
		BCC8F4122802346A00F9AAB3 /* SettingsRouter.swift */ = {isa = PBXFileReference; fileEncoding = 4; lastKnownFileType = sourcecode.swift; path = SettingsRouter.swift; sourceTree = "<group>"; };
		BCC8F4132802346A00F9AAB3 /* SettingsRouterProtocol.swift */ = {isa = PBXFileReference; fileEncoding = 4; lastKnownFileType = sourcecode.swift; path = SettingsRouterProtocol.swift; sourceTree = "<group>"; };
		BCC8F4162802346A00F9AAB3 /* HomePresenterProtocol.swift */ = {isa = PBXFileReference; fileEncoding = 4; lastKnownFileType = sourcecode.swift; path = HomePresenterProtocol.swift; sourceTree = "<group>"; };
		BCC8F4172802346A00F9AAB3 /* HomeEventHandlerProtocol.swift */ = {isa = PBXFileReference; fileEncoding = 4; lastKnownFileType = sourcecode.swift; path = HomeEventHandlerProtocol.swift; sourceTree = "<group>"; };
		BCC8F4182802346A00F9AAB3 /* HomeRouteModel.swift */ = {isa = PBXFileReference; fileEncoding = 4; lastKnownFileType = sourcecode.swift; path = HomeRouteModel.swift; sourceTree = "<group>"; };
		BCC8F4192802346A00F9AAB3 /* HomePresenter.swift */ = {isa = PBXFileReference; fileEncoding = 4; lastKnownFileType = sourcecode.swift; path = HomePresenter.swift; sourceTree = "<group>"; };
		BCC8F41B2802346A00F9AAB3 /* HomeViewModel.swift */ = {isa = PBXFileReference; fileEncoding = 4; lastKnownFileType = sourcecode.swift; path = HomeViewModel.swift; sourceTree = "<group>"; };
		BCC8F41C2802346A00F9AAB3 /* HomeViewController.swift */ = {isa = PBXFileReference; fileEncoding = 4; lastKnownFileType = sourcecode.swift; path = HomeViewController.swift; sourceTree = "<group>"; };
		BCC8F41D2802346A00F9AAB3 /* HomeViewControllerProtocol.swift */ = {isa = PBXFileReference; fileEncoding = 4; lastKnownFileType = sourcecode.swift; path = HomeViewControllerProtocol.swift; sourceTree = "<group>"; };
		BCC8F41F2802346A00F9AAB3 /* HomeInteractor.swift */ = {isa = PBXFileReference; fileEncoding = 4; lastKnownFileType = sourcecode.swift; path = HomeInteractor.swift; sourceTree = "<group>"; };
		BCC8F4202802346A00F9AAB3 /* HomeInteractorProtocol.swift */ = {isa = PBXFileReference; fileEncoding = 4; lastKnownFileType = sourcecode.swift; path = HomeInteractorProtocol.swift; sourceTree = "<group>"; };
		BCC8F4222802346A00F9AAB3 /* HomeEntityGatewayProtocol.swift */ = {isa = PBXFileReference; fileEncoding = 4; lastKnownFileType = sourcecode.swift; path = HomeEntityGatewayProtocol.swift; sourceTree = "<group>"; };
		BCC8F4232802346A00F9AAB3 /* HomeEntityGateway.swift */ = {isa = PBXFileReference; fileEncoding = 4; lastKnownFileType = sourcecode.swift; path = HomeEntityGateway.swift; sourceTree = "<group>"; };
		BCC8F4252802346A00F9AAB3 /* HomeRouter.swift */ = {isa = PBXFileReference; fileEncoding = 4; lastKnownFileType = sourcecode.swift; path = HomeRouter.swift; sourceTree = "<group>"; };
		BCC8F4262802346A00F9AAB3 /* HomeRouterProtocol.swift */ = {isa = PBXFileReference; fileEncoding = 4; lastKnownFileType = sourcecode.swift; path = HomeRouterProtocol.swift; sourceTree = "<group>"; };
		BCC8F4292802346A00F9AAB3 /* FocusEventHandlerProtocol.swift */ = {isa = PBXFileReference; fileEncoding = 4; lastKnownFileType = sourcecode.swift; path = FocusEventHandlerProtocol.swift; sourceTree = "<group>"; };
		BCC8F42A2802346A00F9AAB3 /* FocusRouteModel.swift */ = {isa = PBXFileReference; fileEncoding = 4; lastKnownFileType = sourcecode.swift; path = FocusRouteModel.swift; sourceTree = "<group>"; };
		BCC8F42B2802346A00F9AAB3 /* FocusPresenterProtocol.swift */ = {isa = PBXFileReference; fileEncoding = 4; lastKnownFileType = sourcecode.swift; path = FocusPresenterProtocol.swift; sourceTree = "<group>"; };
		BCC8F42C2802346A00F9AAB3 /* FocusPresenter.swift */ = {isa = PBXFileReference; fileEncoding = 4; lastKnownFileType = sourcecode.swift; path = FocusPresenter.swift; sourceTree = "<group>"; };
		BCC8F42E2802346A00F9AAB3 /* FocusViewModel.swift */ = {isa = PBXFileReference; fileEncoding = 4; lastKnownFileType = sourcecode.swift; path = FocusViewModel.swift; sourceTree = "<group>"; };
		BCC8F42F2802346A00F9AAB3 /* FocusViewControllerProtocol.swift */ = {isa = PBXFileReference; fileEncoding = 4; lastKnownFileType = sourcecode.swift; path = FocusViewControllerProtocol.swift; sourceTree = "<group>"; };
		BCC8F4302802346A00F9AAB3 /* FocusViewController.swift */ = {isa = PBXFileReference; fileEncoding = 4; lastKnownFileType = sourcecode.swift; path = FocusViewController.swift; sourceTree = "<group>"; };
		BCC8F4322802346A00F9AAB3 /* FocusInteractorProtocol.swift */ = {isa = PBXFileReference; fileEncoding = 4; lastKnownFileType = sourcecode.swift; path = FocusInteractorProtocol.swift; sourceTree = "<group>"; };
		BCC8F4332802346A00F9AAB3 /* FocusInteractor.swift */ = {isa = PBXFileReference; fileEncoding = 4; lastKnownFileType = sourcecode.swift; path = FocusInteractor.swift; sourceTree = "<group>"; };
		BCC8F4352802346A00F9AAB3 /* FocusEntityGatewayProtocol.swift */ = {isa = PBXFileReference; fileEncoding = 4; lastKnownFileType = sourcecode.swift; path = FocusEntityGatewayProtocol.swift; sourceTree = "<group>"; };
		BCC8F4362802346A00F9AAB3 /* FocusEntityGateway.swift */ = {isa = PBXFileReference; fileEncoding = 4; lastKnownFileType = sourcecode.swift; path = FocusEntityGateway.swift; sourceTree = "<group>"; };
		BCC8F4382802346A00F9AAB3 /* FocusRouter.swift */ = {isa = PBXFileReference; fileEncoding = 4; lastKnownFileType = sourcecode.swift; path = FocusRouter.swift; sourceTree = "<group>"; };
		BCC8F4392802346A00F9AAB3 /* FocusRouterProtocol.swift */ = {isa = PBXFileReference; fileEncoding = 4; lastKnownFileType = sourcecode.swift; path = FocusRouterProtocol.swift; sourceTree = "<group>"; };
		BCC8F43C2802346A00F9AAB3 /* NotesPresenterProtocol.swift */ = {isa = PBXFileReference; fileEncoding = 4; lastKnownFileType = sourcecode.swift; path = NotesPresenterProtocol.swift; sourceTree = "<group>"; };
		BCC8F43D2802346A00F9AAB3 /* NotesEventHandlerProtocol.swift */ = {isa = PBXFileReference; fileEncoding = 4; lastKnownFileType = sourcecode.swift; path = NotesEventHandlerProtocol.swift; sourceTree = "<group>"; };
		BCC8F43E2802346A00F9AAB3 /* NotesPresenter.swift */ = {isa = PBXFileReference; fileEncoding = 4; lastKnownFileType = sourcecode.swift; path = NotesPresenter.swift; sourceTree = "<group>"; };
		BCC8F43F2802346A00F9AAB3 /* NotesRouteModel.swift */ = {isa = PBXFileReference; fileEncoding = 4; lastKnownFileType = sourcecode.swift; path = NotesRouteModel.swift; sourceTree = "<group>"; };
		BCC8F4412802346A00F9AAB3 /* NotesViewModel.swift */ = {isa = PBXFileReference; fileEncoding = 4; lastKnownFileType = sourcecode.swift; path = NotesViewModel.swift; sourceTree = "<group>"; };
		BCC8F4422802346A00F9AAB3 /* NotesViewController.swift */ = {isa = PBXFileReference; fileEncoding = 4; lastKnownFileType = sourcecode.swift; path = NotesViewController.swift; sourceTree = "<group>"; };
		BCC8F4432802346A00F9AAB3 /* NotesViewControllerProtocol.swift */ = {isa = PBXFileReference; fileEncoding = 4; lastKnownFileType = sourcecode.swift; path = NotesViewControllerProtocol.swift; sourceTree = "<group>"; };
		BCC8F4452802346A00F9AAB3 /* NotesInteractorProtocol.swift */ = {isa = PBXFileReference; fileEncoding = 4; lastKnownFileType = sourcecode.swift; path = NotesInteractorProtocol.swift; sourceTree = "<group>"; };
		BCC8F4462802346A00F9AAB3 /* NotesInteractor.swift */ = {isa = PBXFileReference; fileEncoding = 4; lastKnownFileType = sourcecode.swift; path = NotesInteractor.swift; sourceTree = "<group>"; };
		BCC8F4482802346A00F9AAB3 /* NotesEntityGateway.swift */ = {isa = PBXFileReference; fileEncoding = 4; lastKnownFileType = sourcecode.swift; path = NotesEntityGateway.swift; sourceTree = "<group>"; };
		BCC8F4492802346A00F9AAB3 /* NotesEntityGatewayProtocol.swift */ = {isa = PBXFileReference; fileEncoding = 4; lastKnownFileType = sourcecode.swift; path = NotesEntityGatewayProtocol.swift; sourceTree = "<group>"; };
		BCC8F44B2802346A00F9AAB3 /* NotesRouterProtocol.swift */ = {isa = PBXFileReference; fileEncoding = 4; lastKnownFileType = sourcecode.swift; path = NotesRouterProtocol.swift; sourceTree = "<group>"; };
		BCC8F44C2802346A00F9AAB3 /* NotesRouter.swift */ = {isa = PBXFileReference; fileEncoding = 4; lastKnownFileType = sourcecode.swift; path = NotesRouter.swift; sourceTree = "<group>"; };
		BCC8F4852802523900F9AAB3 /* Model.xcdatamodel */ = {isa = PBXFileReference; lastKnownFileType = wrapper.xcdatamodel; path = Model.xcdatamodel; sourceTree = "<group>"; };
		BCC8F4872802E54200F9AAB3 /* RouteModelProtocol.swift */ = {isa = PBXFileReference; lastKnownFileType = sourcecode.swift; path = RouteModelProtocol.swift; sourceTree = "<group>"; };
		BCC8F4892802E55D00F9AAB3 /* RouteProtocol.swift */ = {isa = PBXFileReference; lastKnownFileType = sourcecode.swift; path = RouteProtocol.swift; sourceTree = "<group>"; };
		BCEE15EE28036F930051BE2F /* TableSelector.swift */ = {isa = PBXFileReference; lastKnownFileType = sourcecode.swift; path = TableSelector.swift; sourceTree = "<group>"; };
		BCEE15F7280379220051BE2F /* en */ = {isa = PBXFileReference; lastKnownFileType = text.plist.strings; name = en; path = en.lproj/Localizable.strings; sourceTree = "<group>"; };
		BCEE15F9280379310051BE2F /* da */ = {isa = PBXFileReference; lastKnownFileType = text.plist.strings; name = da; path = da.lproj/Localizable.strings; sourceTree = "<group>"; };
		BCEE15FA2803793D0051BE2F /* Base */ = {isa = PBXFileReference; lastKnownFileType = file.storyboard; name = Base; path = Base.lproj/Main.storyboard; sourceTree = "<group>"; };
		BCEE15FB2803793D0051BE2F /* Base */ = {isa = PBXFileReference; lastKnownFileType = file.storyboard; name = Base; path = Base.lproj/LaunchScreen.storyboard; sourceTree = "<group>"; };
		BCEE15FC280379520051BE2F /* hu */ = {isa = PBXFileReference; lastKnownFileType = text.plist.strings; name = hu; path = hu.lproj/Localizable.strings; sourceTree = "<group>"; };
		BCEE15FD280379F70051BE2F /* Colors.xcassets */ = {isa = PBXFileReference; lastKnownFileType = folder.assetcatalog; path = Colors.xcassets; sourceTree = "<group>"; };
		BCEE15FF28037A060051BE2F /* Images.xcassets */ = {isa = PBXFileReference; lastKnownFileType = folder.assetcatalog; path = Images.xcassets; sourceTree = "<group>"; };
		BCEE1604280380620051BE2F /* swiftgen.yml */ = {isa = PBXFileReference; fileEncoding = 4; lastKnownFileType = text.yaml; path = swiftgen.yml; sourceTree = "<group>"; };
		BCEE1607280380D10051BE2F /* Strings.swift */ = {isa = PBXFileReference; fileEncoding = 4; lastKnownFileType = sourcecode.swift; path = Strings.swift; sourceTree = "<group>"; };
		BCEE1608280380D10051BE2F /* Assets.swift */ = {isa = PBXFileReference; fileEncoding = 4; lastKnownFileType = sourcecode.swift; path = Assets.swift; sourceTree = "<group>"; };
		BCEE160B280385A80051BE2F /* structured-swift5-localizable.stencil */ = {isa = PBXFileReference; fileEncoding = 4; lastKnownFileType = text; path = "structured-swift5-localizable.stencil"; sourceTree = "<group>"; };
/* End PBXFileReference section */

/* Begin PBXFrameworksBuildPhase section */
		BCC8F3CA280224DC00F9AAB3 /* Frameworks */ = {
			isa = PBXFrameworksBuildPhase;
			buildActionMask = 2147483647;
			files = (
				BC075D3C283173EB009FC4F4 /* FirebaseMessaging in Frameworks */,
				BC075D38283173EB009FC4F4 /* FirebaseAnalytics in Frameworks */,
				BC075D3A283173EB009FC4F4 /* FirebaseCrashlytics in Frameworks */,
			);
			runOnlyForDeploymentPostprocessing = 0;
		};
/* End PBXFrameworksBuildPhase section */

/* Begin PBXGroup section */
		BC192A12288ACA1500033890 /* UI */ = {
			isa = PBXGroup;
			children = (
				BC192A13288ACA3F00033890 /* PlayerTableViewCell.swift */,
				BC192A15288ACA5400033890 /* MatchTableViewCell.swift */,
			);
			path = UI;
			sourceTree = "<group>";
		};
		BC192A17288BEAFA00033890 /* Extensions */ = {
			isa = PBXGroup;
			children = (
				BC192A18288BEB5400033890 /* Date+Formatter.swift */,
			);
			path = Extensions;
			sourceTree = "<group>";
		};
		BC219DE6280A11640002D210 /* UI */ = {
			isa = PBXGroup;
			children = (
				BC219DE7280A117A0002D210 /* TargetTableViewCell.swift */,
				BC219DE9280A11870002D210 /* ErrorTableViewCell.swift */,
			);
			path = UI;
			sourceTree = "<group>";
		};
		BC219DF3280B71970002D210 /* Entities */ = {
			isa = PBXGroup;
			children = (
				BC219DF4280B71A50002D210 /* Quote .swift */,
			);
			path = Entities;
			sourceTree = "<group>";
		};
		BC219DF8280B75CD0002D210 /* Managers */ = {
			isa = PBXGroup;
			children = (
				BC219DF9280B75E00002D210 /* QuotesManagers.swift */,
				BC075D3F28317536009FC4F4 /* AnalyticsManager.swift */,
			);
			path = Managers;
			sourceTree = "<group>";
		};
		BC219DFD280C12E40002D210 /* Roboto_Mono */ = {
			isa = PBXGroup;
			children = (
				BC219DFE280C12E40002D210 /* RobotoMono-VariableFont_wght.ttf */,
				BC219DFF280C12E40002D210 /* RobotoMono-Italic-VariableFont_wght.ttf */,
				BC219E0F280C12E40002D210 /* README.txt */,
				BC219E10280C12E40002D210 /* LICENSE.txt */,
				BC219E00280C12E40002D210 /* static */,
			);
			path = Roboto_Mono;
			sourceTree = "<group>";
		};
		BC219E00280C12E40002D210 /* static */ = {
			isa = PBXGroup;
			children = (
				BC219E01280C12E40002D210 /* RobotoMono-Medium.ttf */,
				BC219E02280C12E40002D210 /* RobotoMono-SemiBold.ttf */,
				BC219E03280C12E40002D210 /* RobotoMono-SemiBoldItalic.ttf */,
				BC219E04280C12E40002D210 /* RobotoMono-Regular.ttf */,
				BC219E05280C12E40002D210 /* RobotoMono-LightItalic.ttf */,
				BC219E06280C12E40002D210 /* RobotoMono-BoldItalic.ttf */,
				BC219E07280C12E40002D210 /* RobotoMono-ExtraLight.ttf */,
				BC219E08280C12E40002D210 /* RobotoMono-ThinItalic.ttf */,
				BC219E09280C12E40002D210 /* RobotoMono-ExtraLightItalic.ttf */,
				BC219E0A280C12E40002D210 /* RobotoMono-Light.ttf */,
				BC219E0B280C12E40002D210 /* RobotoMono-MediumItalic.ttf */,
				BC219E0C280C12E40002D210 /* RobotoMono-Bold.ttf */,
				BC219E0D280C12E40002D210 /* RobotoMono-Italic.ttf */,
				BC219E0E280C12E40002D210 /* RobotoMono-Thin.ttf */,
			);
			path = static;
			sourceTree = "<group>";
		};
		BC3CF6C3281738780016FA63 /* AddFocus */ = {
			isa = PBXGroup;
			children = (
				BC3CF6C9281738780016FA63 /* View */,
				BC3CF6C4281738780016FA63 /* Presenter */,
				BC3CF6CD281738780016FA63 /* Interactor */,
				BC3CF6D0281738780016FA63 /* EntityGateway */,
				BC3CF6D3281738780016FA63 /* Router */,
			);
			path = AddFocus;
			sourceTree = "<group>";
		};
		BC3CF6C4281738780016FA63 /* Presenter */ = {
			isa = PBXGroup;
			children = (
				BC3CF6C5281738780016FA63 /* AddFocusPresenterProtocol.swift */,
				BC3CF6C6281738780016FA63 /* AddFocusEventHandlerProtocol.swift */,
				BC3CF6C7281738780016FA63 /* AddFocusRouteModel.swift */,
				BC3CF6C8281738780016FA63 /* AddFocusPresenter.swift */,
			);
			path = Presenter;
			sourceTree = "<group>";
		};
		BC3CF6C9281738780016FA63 /* View */ = {
			isa = PBXGroup;
			children = (
				BC3CF6CA281738780016FA63 /* AddFocusViewControllerProtocol.swift */,
				BC3CF6CB281738780016FA63 /* AddFocusViewModel.swift */,
				BC3CF6CC281738780016FA63 /* AddFocusViewController.swift */,
			);
			path = View;
			sourceTree = "<group>";
		};
		BC3CF6CD281738780016FA63 /* Interactor */ = {
			isa = PBXGroup;
			children = (
				BC3CF6CE281738780016FA63 /* AddFocusInteractor.swift */,
				BC3CF6CF281738780016FA63 /* AddFocusInteractorProtocol.swift */,
			);
			path = Interactor;
			sourceTree = "<group>";
		};
		BC3CF6D0281738780016FA63 /* EntityGateway */ = {
			isa = PBXGroup;
			children = (
				BC3CF6D1281738780016FA63 /* AddFocusEntityGatewayProtocol.swift */,
				BC3CF6D2281738780016FA63 /* AddFocusEntityGateway.swift */,
			);
			path = EntityGateway;
			sourceTree = "<group>";
		};
		BC3CF6D3281738780016FA63 /* Router */ = {
			isa = PBXGroup;
			children = (
				BC3CF6D4281738780016FA63 /* AddFocusRouter.swift */,
				BC3CF6D5281738780016FA63 /* AddFocusRouterProtocol.swift */,
			);
			path = Router;
			sourceTree = "<group>";
		};
		BC3CF6E3281738830016FA63 /* AddNote */ = {
			isa = PBXGroup;
			children = (
				BC3CF6E9281738830016FA63 /* View */,
				BC3CF6E4281738830016FA63 /* Presenter */,
				BC3CF6ED281738830016FA63 /* Interactor */,
				BC3CF6F0281738830016FA63 /* EntityGateway */,
				BC3CF6F3281738830016FA63 /* Router */,
			);
			path = AddNote;
			sourceTree = "<group>";
		};
		BC3CF6E4281738830016FA63 /* Presenter */ = {
			isa = PBXGroup;
			children = (
				BC3CF6E5281738830016FA63 /* AddNotePresenterProtocol.swift */,
				BC3CF6E6281738830016FA63 /* AddNoteRouteModel.swift */,
				BC3CF6E7281738830016FA63 /* AddNoteEventHandlerProtocol.swift */,
				BC3CF6E8281738830016FA63 /* AddNotePresenter.swift */,
			);
			path = Presenter;
			sourceTree = "<group>";
		};
		BC3CF6E9281738830016FA63 /* View */ = {
			isa = PBXGroup;
			children = (
				BC3CF6EA281738830016FA63 /* AddNoteViewModel.swift */,
				BC3CF6EB281738830016FA63 /* AddNoteViewController.swift */,
				BC3CF6EC281738830016FA63 /* AddNoteViewControllerProtocol.swift */,
			);
			path = View;
			sourceTree = "<group>";
		};
		BC3CF6ED281738830016FA63 /* Interactor */ = {
			isa = PBXGroup;
			children = (
				BC3CF6EE281738830016FA63 /* AddNoteInteractorProtocol.swift */,
				BC3CF6EF281738830016FA63 /* AddNoteInteractor.swift */,
			);
			path = Interactor;
			sourceTree = "<group>";
		};
		BC3CF6F0281738830016FA63 /* EntityGateway */ = {
			isa = PBXGroup;
			children = (
				BC3CF6F1281738830016FA63 /* AddNoteEntityGateway.swift */,
				BC3CF6F2281738830016FA63 /* AddNoteEntityGatewayProtocol.swift */,
			);
			path = EntityGateway;
			sourceTree = "<group>";
		};
		BC3CF6F3281738830016FA63 /* Router */ = {
			isa = PBXGroup;
			children = (
				BC3CF6F4281738830016FA63 /* AddNoteRouterProtocol.swift */,
				BC3CF6F5281738830016FA63 /* AddNoteRouter.swift */,
			);
			path = Router;
			sourceTree = "<group>";
		};
		BC83F8362804A62400D73527 /* Global */ = {
			isa = PBXGroup;
			children = (
				BC219DF3280B71970002D210 /* Entities */,
				BC9D58192804CCD3008038DD /* Enums */,
				BC83F83A2804BAA000D73527 /* Classes */,
				BC192A17288BEAFA00033890 /* Extensions */,
			);
			path = Global;
			sourceTree = "<group>";
		};
		BC83F83A2804BAA000D73527 /* Classes */ = {
			isa = PBXGroup;
			children = (
				BCA08E0E281AF16D00017EF9 /* UI */,
			);
			path = Classes;
			sourceTree = "<group>";
		};
		BC9D58192804CCD3008038DD /* Enums */ = {
			isa = PBXGroup;
			children = (
				BCA08E36281EF5F400017EF9 /* Notifications.swift */,
				BC42FD97280C41B000357216 /* Tables.swift */,
				BCA08E34281C1F5D00017EF9 /* ManagedContextObject.swift */,
			);
			path = Enums;
			sourceTree = "<group>";
		};
		BCA08E0E281AF16D00017EF9 /* UI */ = {
			isa = PBXGroup;
			children = (
				BCA08E0F281AF18D00017EF9 /* TableView */,
				BC83F8382804A75B00D73527 /* PressableView.swift */,
				BC69B7A0282EE10600D34176 /* DimView.swift */,
			);
			path = UI;
			sourceTree = "<group>";
		};
		BCA08E0F281AF18D00017EF9 /* TableView */ = {
			isa = PBXGroup;
			children = (
				BCEE15EE28036F930051BE2F /* TableSelector.swift */,
				BCA08E12281B007300017EF9 /* TableViewCell.swift */,
				BC219DEB280A1BD60002D210 /* HintTableViewCell.swift */,
				BC219DED280A21CD0002D210 /* PressableTableViewCell.swift */,
			);
			path = TableView;
			sourceTree = "<group>";
		};
		BCC8F3C4280224DC00F9AAB3 = {
			isa = PBXGroup;
			children = (
				BCC8F3CF280224DC00F9AAB3 /* Tennis Notes */,
				BCC8F3CE280224DC00F9AAB3 /* Products */,
			);
			sourceTree = "<group>";
		};
		BCC8F3CE280224DC00F9AAB3 /* Products */ = {
			isa = PBXGroup;
			children = (
				BCC8F3CD280224DC00F9AAB3 /* Tennis Notes.app */,
			);
			name = Products;
			sourceTree = "<group>";
		};
		BCC8F3CF280224DC00F9AAB3 /* Tennis Notes */ = {
			isa = PBXGroup;
			children = (
				BCC8F48328023A7500F9AAB3 /* App */,
				BC219DF8280B75CD0002D210 /* Managers */,
				BCC8F4002802346A00F9AAB3 /* Components */,
				BCEE15E72803574D0051BE2F /* Model */,
				BCC8F4822802349500F9AAB3 /* Resources */,
				BCC8F4812802347D00F9AAB3 /* Storyboards */,
			);
			path = "Tennis Notes";
			sourceTree = "<group>";
		};
		BCC8F4002802346A00F9AAB3 /* Components */ = {
			isa = PBXGroup;
			children = (
				BC83F8362804A62400D73527 /* Global */,
				BCC8F4142802346A00F9AAB3 /* Home */,
				BCC8F4272802346A00F9AAB3 /* Focus */,
				BCC8F43A2802346A00F9AAB3 /* Notes */,
				BCC8F4012802346A00F9AAB3 /* Settings */,
			);
			path = Components;
			sourceTree = "<group>";
		};
		BCC8F4012802346A00F9AAB3 /* Settings */ = {
			isa = PBXGroup;
			children = (
				BCC8F4072802346A00F9AAB3 /* View */,
				BCC8F4022802346A00F9AAB3 /* Presenter */,
				BCC8F40B2802346A00F9AAB3 /* Interactor */,
				BCC8F40E2802346A00F9AAB3 /* EntityGateway */,
				BCC8F4112802346A00F9AAB3 /* Router */,
			);
			path = Settings;
			sourceTree = "<group>";
		};
		BCC8F4022802346A00F9AAB3 /* Presenter */ = {
			isa = PBXGroup;
			children = (
				BCC8F4032802346A00F9AAB3 /* SettingsPresenterProtocol.swift */,
				BCC8F4042802346A00F9AAB3 /* SettingsEventHandlerProtocol.swift */,
				BCC8F4052802346A00F9AAB3 /* SettingsRouteModel.swift */,
				BCC8F4062802346A00F9AAB3 /* SettingsPresenter.swift */,
			);
			path = Presenter;
			sourceTree = "<group>";
		};
		BCC8F4072802346A00F9AAB3 /* View */ = {
			isa = PBXGroup;
			children = (
				BCC8F4082802346A00F9AAB3 /* SettingsViewModel.swift */,
				BCC8F4092802346A00F9AAB3 /* SettingsViewControllerProtocol.swift */,
				BCC8F40A2802346A00F9AAB3 /* SettingsViewController.swift */,
			);
			path = View;
			sourceTree = "<group>";
		};
		BCC8F40B2802346A00F9AAB3 /* Interactor */ = {
			isa = PBXGroup;
			children = (
				BCC8F40C2802346A00F9AAB3 /* SettingsInteractorProtocol.swift */,
				BCC8F40D2802346A00F9AAB3 /* SettingsInteractor.swift */,
			);
			path = Interactor;
			sourceTree = "<group>";
		};
		BCC8F40E2802346A00F9AAB3 /* EntityGateway */ = {
			isa = PBXGroup;
			children = (
				BCC8F40F2802346A00F9AAB3 /* SettingsEntityGatewayProtocol.swift */,
				BCC8F4102802346A00F9AAB3 /* SettingsEntityGateway.swift */,
			);
			path = EntityGateway;
			sourceTree = "<group>";
		};
		BCC8F4112802346A00F9AAB3 /* Router */ = {
			isa = PBXGroup;
			children = (
				BCC8F4122802346A00F9AAB3 /* SettingsRouter.swift */,
				BCC8F4132802346A00F9AAB3 /* SettingsRouterProtocol.swift */,
			);
			path = Router;
			sourceTree = "<group>";
		};
		BCC8F4142802346A00F9AAB3 /* Home */ = {
			isa = PBXGroup;
			children = (
				BCC8F41A2802346A00F9AAB3 /* View */,
				BCC8F4152802346A00F9AAB3 /* Presenter */,
				BCC8F41E2802346A00F9AAB3 /* Interactor */,
				BCC8F4212802346A00F9AAB3 /* EntityGateway */,
				BCC8F4242802346A00F9AAB3 /* Router */,
			);
			path = Home;
			sourceTree = "<group>";
		};
		BCC8F4152802346A00F9AAB3 /* Presenter */ = {
			isa = PBXGroup;
			children = (
				BCC8F4162802346A00F9AAB3 /* HomePresenterProtocol.swift */,
				BCC8F4172802346A00F9AAB3 /* HomeEventHandlerProtocol.swift */,
				BCC8F4182802346A00F9AAB3 /* HomeRouteModel.swift */,
				BCC8F4192802346A00F9AAB3 /* HomePresenter.swift */,
			);
			path = Presenter;
			sourceTree = "<group>";
		};
		BCC8F41A2802346A00F9AAB3 /* View */ = {
			isa = PBXGroup;
			children = (
				BCC8F41B2802346A00F9AAB3 /* HomeViewModel.swift */,
				BCC8F41C2802346A00F9AAB3 /* HomeViewController.swift */,
				BCC8F41D2802346A00F9AAB3 /* HomeViewControllerProtocol.swift */,
			);
			path = View;
			sourceTree = "<group>";
		};
		BCC8F41E2802346A00F9AAB3 /* Interactor */ = {
			isa = PBXGroup;
			children = (
				BCC8F41F2802346A00F9AAB3 /* HomeInteractor.swift */,
				BCC8F4202802346A00F9AAB3 /* HomeInteractorProtocol.swift */,
			);
			path = Interactor;
			sourceTree = "<group>";
		};
		BCC8F4212802346A00F9AAB3 /* EntityGateway */ = {
			isa = PBXGroup;
			children = (
				BCC8F4222802346A00F9AAB3 /* HomeEntityGatewayProtocol.swift */,
				BCC8F4232802346A00F9AAB3 /* HomeEntityGateway.swift */,
			);
			path = EntityGateway;
			sourceTree = "<group>";
		};
		BCC8F4242802346A00F9AAB3 /* Router */ = {
			isa = PBXGroup;
			children = (
				BCC8F4252802346A00F9AAB3 /* HomeRouter.swift */,
				BCC8F4262802346A00F9AAB3 /* HomeRouterProtocol.swift */,
			);
			path = Router;
			sourceTree = "<group>";
		};
		BCC8F4272802346A00F9AAB3 /* Focus */ = {
			isa = PBXGroup;
			children = (
				BC219DE6280A11640002D210 /* UI */,
				BCC8F42D2802346A00F9AAB3 /* View */,
				BCC8F4282802346A00F9AAB3 /* Presenter */,
				BCC8F4312802346A00F9AAB3 /* Interactor */,
				BCC8F4342802346A00F9AAB3 /* EntityGateway */,
				BCC8F4372802346A00F9AAB3 /* Router */,
				BC3CF6C3281738780016FA63 /* AddFocus */,
			);
			path = Focus;
			sourceTree = "<group>";
		};
		BCC8F4282802346A00F9AAB3 /* Presenter */ = {
			isa = PBXGroup;
			children = (
				BCC8F4292802346A00F9AAB3 /* FocusEventHandlerProtocol.swift */,
				BCC8F42A2802346A00F9AAB3 /* FocusRouteModel.swift */,
				BCC8F42B2802346A00F9AAB3 /* FocusPresenterProtocol.swift */,
				BCC8F42C2802346A00F9AAB3 /* FocusPresenter.swift */,
			);
			path = Presenter;
			sourceTree = "<group>";
		};
		BCC8F42D2802346A00F9AAB3 /* View */ = {
			isa = PBXGroup;
			children = (
				BCC8F42E2802346A00F9AAB3 /* FocusViewModel.swift */,
				BCC8F42F2802346A00F9AAB3 /* FocusViewControllerProtocol.swift */,
				BCC8F4302802346A00F9AAB3 /* FocusViewController.swift */,
			);
			path = View;
			sourceTree = "<group>";
		};
		BCC8F4312802346A00F9AAB3 /* Interactor */ = {
			isa = PBXGroup;
			children = (
				BCC8F4322802346A00F9AAB3 /* FocusInteractorProtocol.swift */,
				BCC8F4332802346A00F9AAB3 /* FocusInteractor.swift */,
			);
			path = Interactor;
			sourceTree = "<group>";
		};
		BCC8F4342802346A00F9AAB3 /* EntityGateway */ = {
			isa = PBXGroup;
			children = (
				BCC8F4352802346A00F9AAB3 /* FocusEntityGatewayProtocol.swift */,
				BCC8F4362802346A00F9AAB3 /* FocusEntityGateway.swift */,
			);
			path = EntityGateway;
			sourceTree = "<group>";
		};
		BCC8F4372802346A00F9AAB3 /* Router */ = {
			isa = PBXGroup;
			children = (
				BCC8F4382802346A00F9AAB3 /* FocusRouter.swift */,
				BCC8F4392802346A00F9AAB3 /* FocusRouterProtocol.swift */,
			);
			path = Router;
			sourceTree = "<group>";
		};
		BCC8F43A2802346A00F9AAB3 /* Notes */ = {
			isa = PBXGroup;
			children = (
				BC192A12288ACA1500033890 /* UI */,
				BCC8F4402802346A00F9AAB3 /* View */,
				BCC8F43B2802346A00F9AAB3 /* Presenter */,
				BCC8F4442802346A00F9AAB3 /* Interactor */,
				BCC8F4472802346A00F9AAB3 /* EntityGateway */,
				BCC8F44A2802346A00F9AAB3 /* Router */,
				BC3CF6E3281738830016FA63 /* AddNote */,
			);
			path = Notes;
			sourceTree = "<group>";
		};
		BCC8F43B2802346A00F9AAB3 /* Presenter */ = {
			isa = PBXGroup;
			children = (
				BCC8F43C2802346A00F9AAB3 /* NotesPresenterProtocol.swift */,
				BCC8F43D2802346A00F9AAB3 /* NotesEventHandlerProtocol.swift */,
				BCC8F43E2802346A00F9AAB3 /* NotesPresenter.swift */,
				BCC8F43F2802346A00F9AAB3 /* NotesRouteModel.swift */,
			);
			path = Presenter;
			sourceTree = "<group>";
		};
		BCC8F4402802346A00F9AAB3 /* View */ = {
			isa = PBXGroup;
			children = (
				BCC8F4412802346A00F9AAB3 /* NotesViewModel.swift */,
				BCC8F4432802346A00F9AAB3 /* NotesViewControllerProtocol.swift */,
				BCC8F4422802346A00F9AAB3 /* NotesViewController.swift */,
			);
			path = View;
			sourceTree = "<group>";
		};
		BCC8F4442802346A00F9AAB3 /* Interactor */ = {
			isa = PBXGroup;
			children = (
				BCC8F4452802346A00F9AAB3 /* NotesInteractorProtocol.swift */,
				BCC8F4462802346A00F9AAB3 /* NotesInteractor.swift */,
			);
			path = Interactor;
			sourceTree = "<group>";
		};
		BCC8F4472802346A00F9AAB3 /* EntityGateway */ = {
			isa = PBXGroup;
			children = (
				BCC8F4482802346A00F9AAB3 /* NotesEntityGateway.swift */,
				BCC8F4492802346A00F9AAB3 /* NotesEntityGatewayProtocol.swift */,
			);
			path = EntityGateway;
			sourceTree = "<group>";
		};
		BCC8F44A2802346A00F9AAB3 /* Router */ = {
			isa = PBXGroup;
			children = (
				BCC8F44B2802346A00F9AAB3 /* NotesRouterProtocol.swift */,
				BCC8F44C2802346A00F9AAB3 /* NotesRouter.swift */,
			);
			path = Router;
			sourceTree = "<group>";
		};
		BCC8F4812802347D00F9AAB3 /* Storyboards */ = {
			isa = PBXGroup;
			children = (
				BCC8F3D6280224DC00F9AAB3 /* Main.storyboard */,
				BCC8F3DB280224DE00F9AAB3 /* LaunchScreen.storyboard */,
			);
			path = Storyboards;
			sourceTree = "<group>";
		};
		BCC8F4822802349500F9AAB3 /* Resources */ = {
			isa = PBXGroup;
			children = (
				BCC8F3DE280224DE00F9AAB3 /* Info.plist */,
				BC075D3D28317495009FC4F4 /* GoogleService-Info.plist */,
				BCC8F3D9280224DE00F9AAB3 /* Icons.xcassets */,
				BCEE15FD280379F70051BE2F /* Colors.xcassets */,
				BCEE15FF28037A060051BE2F /* Images.xcassets */,
				BC219DF6280B727F0002D210 /* quotes.json */,
				BCEE15F8280379220051BE2F /* Localizable.strings */,
				BCC8F4842802523900F9AAB3 /* Model.xcdatamodeld */,
				BCEE15EC2803594B0051BE2F /* Fonts */,
				BCEE1606280380D10051BE2F /* Generated */,
				BCEE160128037AB50051BE2F /* Swiftgen */,
			);
			path = Resources;
			sourceTree = "<group>";
		};
		BCC8F48328023A7500F9AAB3 /* App */ = {
			isa = PBXGroup;
			children = (
				BCC8F3D0280224DC00F9AAB3 /* AppDelegate.swift */,
				BC219DEF280B708A0002D210 /* AppStorage.swift */,
				BC219DFB280B76410002D210 /* AppContext.swift */,
				BCC8F3D2280224DC00F9AAB3 /* SceneDelegate.swift */,
				BCC8F4892802E55D00F9AAB3 /* RouteProtocol.swift */,
				BCC8F4872802E54200F9AAB3 /* RouteModelProtocol.swift */,
			);
			path = App;
			sourceTree = "<group>";
		};
		BCEE15E72803574D0051BE2F /* Model */ = {
			isa = PBXGroup;
			children = (
				BC075D612836D468009FC4F4 /* ErrorNote+CoreDataClass.swift */,
				BC075D622836D468009FC4F4 /* ErrorNote+CoreDataProperties.swift */,
				BC075D632836D468009FC4F4 /* PlayerNote+CoreDataClass.swift */,
				BC075D642836D468009FC4F4 /* PlayerNote+CoreDataProperties.swift */,
				BC075D652836D468009FC4F4 /* MatchNote+CoreDataClass.swift */,
				BC075D662836D468009FC4F4 /* MatchNote+CoreDataProperties.swift */,
				BC075D672836D468009FC4F4 /* TargetNote+CoreDataClass.swift */,
				BC075D682836D468009FC4F4 /* TargetNote+CoreDataProperties.swift */,
			);
			path = Model;
			sourceTree = "<group>";
		};
		BCEE15EC2803594B0051BE2F /* Fonts */ = {
			isa = PBXGroup;
			children = (
				BC219DFD280C12E40002D210 /* Roboto_Mono */,
			);
			path = Fonts;
			sourceTree = "<group>";
		};
		BCEE160128037AB50051BE2F /* Swiftgen */ = {
			isa = PBXGroup;
			children = (
				BCEE1604280380620051BE2F /* swiftgen.yml */,
				BCEE160B280385A80051BE2F /* structured-swift5-localizable.stencil */,
			);
			path = Swiftgen;
			sourceTree = "<group>";
		};
		BCEE1606280380D10051BE2F /* Generated */ = {
			isa = PBXGroup;
			children = (
				BCEE1607280380D10051BE2F /* Strings.swift */,
				BCEE1608280380D10051BE2F /* Assets.swift */,
			);
			path = Generated;
			sourceTree = "<group>";
		};
/* End PBXGroup section */

/* Begin PBXNativeTarget section */
		BCC8F3CC280224DC00F9AAB3 /* Tennis Notes */ = {
			isa = PBXNativeTarget;
			buildConfigurationList = BCC8F3F7280224DE00F9AAB3 /* Build configuration list for PBXNativeTarget "Tennis Notes" */;
			buildPhases = (
				BCC8F3C9280224DC00F9AAB3 /* Sources */,
				BCC8F3CA280224DC00F9AAB3 /* Frameworks */,
				BCC8F3CB280224DC00F9AAB3 /* Resources */,
			);
			buildRules = (
			);
			dependencies = (
			);
			name = "Tennis Notes";
			packageProductDependencies = (
				BC075D37283173EB009FC4F4 /* FirebaseAnalytics */,
				BC075D39283173EB009FC4F4 /* FirebaseCrashlytics */,
				BC075D3B283173EB009FC4F4 /* FirebaseMessaging */,
			);
			productName = "Tennis Notes";
			productReference = BCC8F3CD280224DC00F9AAB3 /* Tennis Notes.app */;
			productType = "com.apple.product-type.application";
		};
/* End PBXNativeTarget section */

/* Begin PBXProject section */
		BCC8F3C5280224DC00F9AAB3 /* Project object */ = {
			isa = PBXProject;
			attributes = {
				BuildIndependentTargetsInParallel = 1;
				LastSwiftUpdateCheck = 1330;
				LastUpgradeCheck = 1330;
				TargetAttributes = {
					BCC8F3CC280224DC00F9AAB3 = {
						CreatedOnToolsVersion = 13.3;
					};
				};
			};
			buildConfigurationList = BCC8F3C8280224DC00F9AAB3 /* Build configuration list for PBXProject "Tennis Notes" */;
			compatibilityVersion = "Xcode 13.0";
			developmentRegion = en;
			hasScannedForEncodings = 0;
			knownRegions = (
				en,
				da,
				Base,
				hu,
			);
			mainGroup = BCC8F3C4280224DC00F9AAB3;
			packageReferences = (
				BC075D36283173EB009FC4F4 /* XCRemoteSwiftPackageReference "firebase-ios-sdk" */,
			);
			productRefGroup = BCC8F3CE280224DC00F9AAB3 /* Products */;
			projectDirPath = "";
			projectRoot = "";
			targets = (
				BCC8F3CC280224DC00F9AAB3 /* Tennis Notes */,
			);
		};
/* End PBXProject section */

/* Begin PBXResourcesBuildPhase section */
		BCC8F3CB280224DC00F9AAB3 /* Resources */ = {
			isa = PBXResourcesBuildPhase;
			buildActionMask = 2147483647;
			files = (
				BCEE160C280385A80051BE2F /* structured-swift5-localizable.stencil in Resources */,
				BC219E1D280C12E50002D210 /* RobotoMono-MediumItalic.ttf in Resources */,
				BC219E13280C12E50002D210 /* RobotoMono-Medium.ttf in Resources */,
				BC219E19280C12E50002D210 /* RobotoMono-ExtraLight.ttf in Resources */,
				BCEE15FE280379F70051BE2F /* Colors.xcassets in Resources */,
				BC219E18280C12E50002D210 /* RobotoMono-BoldItalic.ttf in Resources */,
				BC219E15280C12E50002D210 /* RobotoMono-SemiBoldItalic.ttf in Resources */,
				BCEE1605280380620051BE2F /* swiftgen.yml in Resources */,
				BCC8F3DD280224DE00F9AAB3 /* LaunchScreen.storyboard in Resources */,
				BC219E1B280C12E50002D210 /* RobotoMono-ExtraLightItalic.ttf in Resources */,
				BC219E1F280C12E50002D210 /* RobotoMono-Italic.ttf in Resources */,
				BC219E1C280C12E50002D210 /* RobotoMono-Light.ttf in Resources */,
				BC219E22280C12E50002D210 /* LICENSE.txt in Resources */,
				BC075D3E28317495009FC4F4 /* GoogleService-Info.plist in Resources */,
				BCEE15F6280379220051BE2F /* Localizable.strings in Resources */,
				BC219DF7280B72800002D210 /* quotes.json in Resources */,
				BC219E11280C12E50002D210 /* RobotoMono-VariableFont_wght.ttf in Resources */,
				BC219E12280C12E50002D210 /* RobotoMono-Italic-VariableFont_wght.ttf in Resources */,
				BC219E21280C12E50002D210 /* README.txt in Resources */,
				BC219E20280C12E50002D210 /* RobotoMono-Thin.ttf in Resources */,
				BCEE160028037A060051BE2F /* Images.xcassets in Resources */,
				BC219E16280C12E50002D210 /* RobotoMono-Regular.ttf in Resources */,
				BCC8F3DA280224DE00F9AAB3 /* Icons.xcassets in Resources */,
				BC219E14280C12E50002D210 /* RobotoMono-SemiBold.ttf in Resources */,
				BC219E1A280C12E50002D210 /* RobotoMono-ThinItalic.ttf in Resources */,
				BCC8F3D8280224DC00F9AAB3 /* Main.storyboard in Resources */,
				BC219E1E280C12E50002D210 /* RobotoMono-Bold.ttf in Resources */,
				BC219E17280C12E50002D210 /* RobotoMono-LightItalic.ttf in Resources */,
			);
			runOnlyForDeploymentPostprocessing = 0;
		};
/* End PBXResourcesBuildPhase section */

/* Begin PBXSourcesBuildPhase section */
		BCC8F3C9280224DC00F9AAB3 /* Sources */ = {
			isa = PBXSourcesBuildPhase;
			buildActionMask = 2147483647;
			files = (
				BCC8F4562802346B00F9AAB3 /* SettingsEntityGatewayProtocol.swift in Sources */,
				BC3CF6D8281738780016FA63 /* AddFocusRouteModel.swift in Sources */,
				BCC8F4732802346B00F9AAB3 /* FocusRouterProtocol.swift in Sources */,
				BCC8F4692802346B00F9AAB3 /* FocusPresenterProtocol.swift in Sources */,
				BCC8F45C2802346B00F9AAB3 /* HomeRouteModel.swift in Sources */,
				BCC8F4612802346B00F9AAB3 /* HomeInteractor.swift in Sources */,
				BCC8F4642802346B00F9AAB3 /* HomeEntityGateway.swift in Sources */,
				BCEE160A280380D10051BE2F /* Assets.swift in Sources */,
				BCA08E37281EF5F400017EF9 /* Notifications.swift in Sources */,
				BCC8F45D2802346B00F9AAB3 /* HomePresenter.swift in Sources */,
				BCC8F46D2802346B00F9AAB3 /* FocusViewController.swift in Sources */,
				BCC8F4752802346B00F9AAB3 /* NotesEventHandlerProtocol.swift in Sources */,
				BCC8F47E2802346B00F9AAB3 /* NotesEntityGatewayProtocol.swift in Sources */,
				BCC8F46A2802346B00F9AAB3 /* FocusPresenter.swift in Sources */,
				BCC8F45B2802346B00F9AAB3 /* HomeEventHandlerProtocol.swift in Sources */,
				BC3CF6DE281738780016FA63 /* AddFocusInteractorProtocol.swift in Sources */,
				BC075D6B2836D468009FC4F4 /* PlayerNote+CoreDataClass.swift in Sources */,
				BCC8F47B2802346B00F9AAB3 /* NotesInteractorProtocol.swift in Sources */,
				BC3CF6DA281738780016FA63 /* AddFocusViewControllerProtocol.swift in Sources */,
				BCC8F4702802346B00F9AAB3 /* FocusEntityGatewayProtocol.swift in Sources */,
				BC69B7A1282EE10600D34176 /* DimView.swift in Sources */,
				BCC8F4632802346B00F9AAB3 /* HomeEntityGatewayProtocol.swift in Sources */,
				BC3CF6F8281738830016FA63 /* AddNoteEventHandlerProtocol.swift in Sources */,
				BCC8F44E2802346B00F9AAB3 /* SettingsEventHandlerProtocol.swift in Sources */,
				BCC8F4652802346B00F9AAB3 /* HomeRouter.swift in Sources */,
				BCC8F44F2802346B00F9AAB3 /* SettingsRouteModel.swift in Sources */,
				BCC8F45F2802346B00F9AAB3 /* HomeViewController.swift in Sources */,
				BCC8F4532802346B00F9AAB3 /* SettingsViewController.swift in Sources */,
				BCC8F4602802346B00F9AAB3 /* HomeViewControllerProtocol.swift in Sources */,
				BC3CF6FD281738830016FA63 /* AddNoteInteractorProtocol.swift in Sources */,
				BCC8F4882802E54200F9AAB3 /* RouteModelProtocol.swift in Sources */,
				BC3CF6E1281738780016FA63 /* AddFocusRouter.swift in Sources */,
				BCC8F46E2802346B00F9AAB3 /* FocusInteractorProtocol.swift in Sources */,
				BCC8F44D2802346B00F9AAB3 /* SettingsPresenterProtocol.swift in Sources */,
				BC3CF6DB281738780016FA63 /* AddFocusViewModel.swift in Sources */,
				BC3CF6E2281738780016FA63 /* AddFocusRouterProtocol.swift in Sources */,
				BC219DF0280B708A0002D210 /* AppStorage.swift in Sources */,
				BC3CF6DD281738780016FA63 /* AddFocusInteractor.swift in Sources */,
				BCC8F47C2802346B00F9AAB3 /* NotesInteractor.swift in Sources */,
				BCC8F46B2802346B00F9AAB3 /* FocusViewModel.swift in Sources */,
				BCC8F4572802346B00F9AAB3 /* SettingsEntityGateway.swift in Sources */,
				BC075D6A2836D468009FC4F4 /* ErrorNote+CoreDataProperties.swift in Sources */,
				BC3CF6E0281738780016FA63 /* AddFocusEntityGateway.swift in Sources */,
				BC192A16288ACA5400033890 /* MatchTableViewCell.swift in Sources */,
				BC3CF6F7281738830016FA63 /* AddNoteRouteModel.swift in Sources */,
				BC075D692836D468009FC4F4 /* ErrorNote+CoreDataClass.swift in Sources */,
				BCC8F3D1280224DC00F9AAB3 /* AppDelegate.swift in Sources */,
				BCC8F45A2802346B00F9AAB3 /* HomePresenterProtocol.swift in Sources */,
				BC3CF702281738830016FA63 /* AddNoteRouter.swift in Sources */,
				BC3CF6F9281738830016FA63 /* AddNotePresenter.swift in Sources */,
				BCC8F3D3280224DC00F9AAB3 /* SceneDelegate.swift in Sources */,
				BC3CF6FE281738830016FA63 /* AddNoteInteractor.swift in Sources */,
				BC3CF6DC281738780016FA63 /* AddFocusViewController.swift in Sources */,
				BCC8F4772802346B00F9AAB3 /* NotesRouteModel.swift in Sources */,
				BC3CF6D9281738780016FA63 /* AddFocusPresenter.swift in Sources */,
				BC219DFC280B76410002D210 /* AppContext.swift in Sources */,
				BC075D6C2836D468009FC4F4 /* PlayerNote+CoreDataProperties.swift in Sources */,
				BC3CF6FC281738830016FA63 /* AddNoteViewControllerProtocol.swift in Sources */,
				BC075D4028317536009FC4F4 /* AnalyticsManager.swift in Sources */,
				BC3CF700281738830016FA63 /* AddNoteEntityGatewayProtocol.swift in Sources */,
				BC192A19288BEB5400033890 /* Date+Formatter.swift in Sources */,
				BCC8F4762802346B00F9AAB3 /* NotesPresenter.swift in Sources */,
				BC219DEA280A11870002D210 /* ErrorTableViewCell.swift in Sources */,
				BCEE1609280380D10051BE2F /* Strings.swift in Sources */,
				BC192A14288ACA3F00033890 /* PlayerTableViewCell.swift in Sources */,
				BC42FD98280C41B000357216 /* Tables.swift in Sources */,
				BCC8F47F2802346B00F9AAB3 /* NotesRouterProtocol.swift in Sources */,
				BCC8F4582802346B00F9AAB3 /* SettingsRouter.swift in Sources */,
				BCEE15EF28036F930051BE2F /* TableSelector.swift in Sources */,
				BCC8F47A2802346B00F9AAB3 /* NotesViewControllerProtocol.swift in Sources */,
				BC3CF6FA281738830016FA63 /* AddNoteViewModel.swift in Sources */,
				BC219DFA280B75E00002D210 /* QuotesManagers.swift in Sources */,
				BC3CF6DF281738780016FA63 /* AddFocusEntityGatewayProtocol.swift in Sources */,
				BCC8F4712802346B00F9AAB3 /* FocusEntityGateway.swift in Sources */,
				BC075D6D2836D468009FC4F4 /* MatchNote+CoreDataClass.swift in Sources */,
				BCA08E35281C1F5D00017EF9 /* ManagedContextObject.swift in Sources */,
				BCC8F4502802346B00F9AAB3 /* SettingsPresenter.swift in Sources */,
				BC075D6F2836D468009FC4F4 /* TargetNote+CoreDataClass.swift in Sources */,
				BC219DF5280B71A50002D210 /* Quote .swift in Sources */,
				BCC8F47D2802346B00F9AAB3 /* NotesEntityGateway.swift in Sources */,
				BC075D6E2836D468009FC4F4 /* MatchNote+CoreDataProperties.swift in Sources */,
				BCC8F4592802346B00F9AAB3 /* SettingsRouterProtocol.swift in Sources */,
				BCC8F45E2802346B00F9AAB3 /* HomeViewModel.swift in Sources */,
				BCA08E13281B007300017EF9 /* TableViewCell.swift in Sources */,
				BC3CF6F6281738830016FA63 /* AddNotePresenterProtocol.swift in Sources */,
				BCC8F4802802346B00F9AAB3 /* NotesRouter.swift in Sources */,
				BC3CF6D7281738780016FA63 /* AddFocusEventHandlerProtocol.swift in Sources */,
				BCC8F4522802346B00F9AAB3 /* SettingsViewControllerProtocol.swift in Sources */,
				BC3CF6FB281738830016FA63 /* AddNoteViewController.swift in Sources */,
				BC3CF6D6281738780016FA63 /* AddFocusPresenterProtocol.swift in Sources */,
				BCC8F4672802346B00F9AAB3 /* FocusEventHandlerProtocol.swift in Sources */,
				BC3CF6FF281738830016FA63 /* AddNoteEntityGateway.swift in Sources */,
				BC3CF701281738830016FA63 /* AddNoteRouterProtocol.swift in Sources */,
				BCC8F4862802523900F9AAB3 /* Model.xcdatamodeld in Sources */,
				BCC8F4542802346B00F9AAB3 /* SettingsInteractorProtocol.swift in Sources */,
				BCC8F46C2802346B00F9AAB3 /* FocusViewControllerProtocol.swift in Sources */,
				BCC8F48A2802E55D00F9AAB3 /* RouteProtocol.swift in Sources */,
				BCC8F4682802346B00F9AAB3 /* FocusRouteModel.swift in Sources */,
				BCC8F4662802346B00F9AAB3 /* HomeRouterProtocol.swift in Sources */,
				BC219DEE280A21CE0002D210 /* PressableTableViewCell.swift in Sources */,
				BCC8F4512802346B00F9AAB3 /* SettingsViewModel.swift in Sources */,
				BC075D702836D468009FC4F4 /* TargetNote+CoreDataProperties.swift in Sources */,
				BCC8F4742802346B00F9AAB3 /* NotesPresenterProtocol.swift in Sources */,
				BC219DE8280A117A0002D210 /* TargetTableViewCell.swift in Sources */,
				BC219DEC280A1BD60002D210 /* HintTableViewCell.swift in Sources */,
				BCC8F4722802346B00F9AAB3 /* FocusRouter.swift in Sources */,
				BCC8F46F2802346B00F9AAB3 /* FocusInteractor.swift in Sources */,
				BCC8F4792802346B00F9AAB3 /* NotesViewController.swift in Sources */,
				BC83F8392804A75B00D73527 /* PressableView.swift in Sources */,
				BCC8F4552802346B00F9AAB3 /* SettingsInteractor.swift in Sources */,
				BCC8F4622802346B00F9AAB3 /* HomeInteractorProtocol.swift in Sources */,
				BCC8F4782802346B00F9AAB3 /* NotesViewModel.swift in Sources */,
			);
			runOnlyForDeploymentPostprocessing = 0;
		};
/* End PBXSourcesBuildPhase section */

/* Begin PBXVariantGroup section */
		BCC8F3D6280224DC00F9AAB3 /* Main.storyboard */ = {
			isa = PBXVariantGroup;
			children = (
				BCEE15FA2803793D0051BE2F /* Base */,
			);
			name = Main.storyboard;
			sourceTree = "<group>";
		};
		BCC8F3DB280224DE00F9AAB3 /* LaunchScreen.storyboard */ = {
			isa = PBXVariantGroup;
			children = (
				BCEE15FB2803793D0051BE2F /* Base */,
			);
			name = LaunchScreen.storyboard;
			sourceTree = "<group>";
		};
		BCEE15F8280379220051BE2F /* Localizable.strings */ = {
			isa = PBXVariantGroup;
			children = (
				BCEE15F7280379220051BE2F /* en */,
				BCEE15F9280379310051BE2F /* da */,
				BCEE15FC280379520051BE2F /* hu */,
			);
			name = Localizable.strings;
			sourceTree = "<group>";
		};
/* End PBXVariantGroup section */

/* Begin XCBuildConfiguration section */
		BCC8F3F5280224DE00F9AAB3 /* Debug */ = {
			isa = XCBuildConfiguration;
			buildSettings = {
				ALWAYS_SEARCH_USER_PATHS = NO;
				CLANG_ANALYZER_LOCALIZABILITY_NONLOCALIZED = YES;
				CLANG_ANALYZER_NONNULL = YES;
				CLANG_ANALYZER_NUMBER_OBJECT_CONVERSION = YES_AGGRESSIVE;
				CLANG_CXX_LANGUAGE_STANDARD = "gnu++17";
				CLANG_ENABLE_MODULES = YES;
				CLANG_ENABLE_OBJC_ARC = YES;
				CLANG_ENABLE_OBJC_WEAK = YES;
				CLANG_WARN_BLOCK_CAPTURE_AUTORELEASING = YES;
				CLANG_WARN_BOOL_CONVERSION = YES;
				CLANG_WARN_COMMA = YES;
				CLANG_WARN_CONSTANT_CONVERSION = YES;
				CLANG_WARN_DEPRECATED_OBJC_IMPLEMENTATIONS = YES;
				CLANG_WARN_DIRECT_OBJC_ISA_USAGE = YES_ERROR;
				CLANG_WARN_DOCUMENTATION_COMMENTS = YES;
				CLANG_WARN_EMPTY_BODY = YES;
				CLANG_WARN_ENUM_CONVERSION = YES;
				CLANG_WARN_INFINITE_RECURSION = YES;
				CLANG_WARN_INT_CONVERSION = YES;
				CLANG_WARN_NON_LITERAL_NULL_CONVERSION = YES;
				CLANG_WARN_OBJC_IMPLICIT_RETAIN_SELF = YES;
				CLANG_WARN_OBJC_LITERAL_CONVERSION = YES;
				CLANG_WARN_OBJC_ROOT_CLASS = YES_ERROR;
				CLANG_WARN_QUOTED_INCLUDE_IN_FRAMEWORK_HEADER = YES;
				CLANG_WARN_RANGE_LOOP_ANALYSIS = YES;
				CLANG_WARN_STRICT_PROTOTYPES = YES;
				CLANG_WARN_SUSPICIOUS_MOVE = YES;
				CLANG_WARN_UNGUARDED_AVAILABILITY = YES_AGGRESSIVE;
				CLANG_WARN_UNREACHABLE_CODE = YES;
				CLANG_WARN__DUPLICATE_METHOD_MATCH = YES;
				COPY_PHASE_STRIP = NO;
				DEBUG_INFORMATION_FORMAT = dwarf;
				ENABLE_STRICT_OBJC_MSGSEND = YES;
				ENABLE_TESTABILITY = YES;
				GCC_C_LANGUAGE_STANDARD = gnu11;
				GCC_DYNAMIC_NO_PIC = NO;
				GCC_NO_COMMON_BLOCKS = YES;
				GCC_OPTIMIZATION_LEVEL = 0;
				GCC_PREPROCESSOR_DEFINITIONS = (
					"DEBUG=1",
					"$(inherited)",
				);
				GCC_WARN_64_TO_32_BIT_CONVERSION = YES;
				GCC_WARN_ABOUT_RETURN_TYPE = YES_ERROR;
				GCC_WARN_UNDECLARED_SELECTOR = YES;
				GCC_WARN_UNINITIALIZED_AUTOS = YES_AGGRESSIVE;
				GCC_WARN_UNUSED_FUNCTION = YES;
				GCC_WARN_UNUSED_VARIABLE = YES;
				IPHONEOS_DEPLOYMENT_TARGET = 13.0;
				MTL_ENABLE_DEBUG_INFO = INCLUDE_SOURCE;
				MTL_FAST_MATH = YES;
				ONLY_ACTIVE_ARCH = YES;
				SDKROOT = iphoneos;
				SWIFT_ACTIVE_COMPILATION_CONDITIONS = DEBUG;
				SWIFT_OPTIMIZATION_LEVEL = "-Onone";
			};
			name = Debug;
		};
		BCC8F3F6280224DE00F9AAB3 /* Release */ = {
			isa = XCBuildConfiguration;
			buildSettings = {
				ALWAYS_SEARCH_USER_PATHS = NO;
				CLANG_ANALYZER_LOCALIZABILITY_NONLOCALIZED = YES;
				CLANG_ANALYZER_NONNULL = YES;
				CLANG_ANALYZER_NUMBER_OBJECT_CONVERSION = YES_AGGRESSIVE;
				CLANG_CXX_LANGUAGE_STANDARD = "gnu++17";
				CLANG_ENABLE_MODULES = YES;
				CLANG_ENABLE_OBJC_ARC = YES;
				CLANG_ENABLE_OBJC_WEAK = YES;
				CLANG_WARN_BLOCK_CAPTURE_AUTORELEASING = YES;
				CLANG_WARN_BOOL_CONVERSION = YES;
				CLANG_WARN_COMMA = YES;
				CLANG_WARN_CONSTANT_CONVERSION = YES;
				CLANG_WARN_DEPRECATED_OBJC_IMPLEMENTATIONS = YES;
				CLANG_WARN_DIRECT_OBJC_ISA_USAGE = YES_ERROR;
				CLANG_WARN_DOCUMENTATION_COMMENTS = YES;
				CLANG_WARN_EMPTY_BODY = YES;
				CLANG_WARN_ENUM_CONVERSION = YES;
				CLANG_WARN_INFINITE_RECURSION = YES;
				CLANG_WARN_INT_CONVERSION = YES;
				CLANG_WARN_NON_LITERAL_NULL_CONVERSION = YES;
				CLANG_WARN_OBJC_IMPLICIT_RETAIN_SELF = YES;
				CLANG_WARN_OBJC_LITERAL_CONVERSION = YES;
				CLANG_WARN_OBJC_ROOT_CLASS = YES_ERROR;
				CLANG_WARN_QUOTED_INCLUDE_IN_FRAMEWORK_HEADER = YES;
				CLANG_WARN_RANGE_LOOP_ANALYSIS = YES;
				CLANG_WARN_STRICT_PROTOTYPES = YES;
				CLANG_WARN_SUSPICIOUS_MOVE = YES;
				CLANG_WARN_UNGUARDED_AVAILABILITY = YES_AGGRESSIVE;
				CLANG_WARN_UNREACHABLE_CODE = YES;
				CLANG_WARN__DUPLICATE_METHOD_MATCH = YES;
				COPY_PHASE_STRIP = NO;
				DEBUG_INFORMATION_FORMAT = "dwarf-with-dsym";
				ENABLE_NS_ASSERTIONS = NO;
				ENABLE_STRICT_OBJC_MSGSEND = YES;
				GCC_C_LANGUAGE_STANDARD = gnu11;
				GCC_NO_COMMON_BLOCKS = YES;
				GCC_WARN_64_TO_32_BIT_CONVERSION = YES;
				GCC_WARN_ABOUT_RETURN_TYPE = YES_ERROR;
				GCC_WARN_UNDECLARED_SELECTOR = YES;
				GCC_WARN_UNINITIALIZED_AUTOS = YES_AGGRESSIVE;
				GCC_WARN_UNUSED_FUNCTION = YES;
				GCC_WARN_UNUSED_VARIABLE = YES;
				IPHONEOS_DEPLOYMENT_TARGET = 13.0;
				MTL_ENABLE_DEBUG_INFO = NO;
				MTL_FAST_MATH = YES;
				SDKROOT = iphoneos;
				SWIFT_COMPILATION_MODE = wholemodule;
				SWIFT_OPTIMIZATION_LEVEL = "-O";
				VALIDATE_PRODUCT = YES;
			};
			name = Release;
		};
		BCC8F3F8280224DE00F9AAB3 /* Debug */ = {
			isa = XCBuildConfiguration;
			buildSettings = {
				ASSETCATALOG_COMPILER_APPICON_NAME = AppIcon;
				ASSETCATALOG_COMPILER_GLOBAL_ACCENT_COLOR_NAME = AccentColor;
				CODE_SIGN_STYLE = Automatic;
				CURRENT_PROJECT_VERSION = 1;
				DEVELOPMENT_TEAM = GN373832EQ;
				GENERATE_INFOPLIST_FILE = YES;
				INFOPLIST_FILE = "Tennis Notes/Resources/Info.plist";
				INFOPLIST_KEY_UIApplicationSupportsIndirectInputEvents = YES;
				INFOPLIST_KEY_UILaunchStoryboardName = LaunchScreen;
				INFOPLIST_KEY_UIMainStoryboardFile = Main;
				INFOPLIST_KEY_UISupportedInterfaceOrientations = UIInterfaceOrientationPortrait;
				LD_RUNPATH_SEARCH_PATHS = (
					"$(inherited)",
					"@executable_path/Frameworks",
				);
				MARKETING_VERSION = 1.0;
				PRODUCT_BUNDLE_IDENTIFIER = "com.intuitivecomputers.tennis-notes";
				PRODUCT_NAME = "$(TARGET_NAME)";
				SWIFT_EMIT_LOC_STRINGS = YES;
				SWIFT_VERSION = 5.0;
				TARGETED_DEVICE_FAMILY = 1;
			};
			name = Debug;
		};
		BCC8F3F9280224DE00F9AAB3 /* Release */ = {
			isa = XCBuildConfiguration;
			buildSettings = {
				ASSETCATALOG_COMPILER_APPICON_NAME = AppIcon;
				ASSETCATALOG_COMPILER_GLOBAL_ACCENT_COLOR_NAME = AccentColor;
				CODE_SIGN_STYLE = Automatic;
				CURRENT_PROJECT_VERSION = 1;
				DEVELOPMENT_TEAM = GN373832EQ;
				GENERATE_INFOPLIST_FILE = YES;
				INFOPLIST_FILE = "Tennis Notes/Resources/Info.plist";
				INFOPLIST_KEY_UIApplicationSupportsIndirectInputEvents = YES;
				INFOPLIST_KEY_UILaunchStoryboardName = LaunchScreen;
				INFOPLIST_KEY_UIMainStoryboardFile = Main;
				INFOPLIST_KEY_UISupportedInterfaceOrientations = UIInterfaceOrientationPortrait;
				LD_RUNPATH_SEARCH_PATHS = (
					"$(inherited)",
					"@executable_path/Frameworks",
				);
				MARKETING_VERSION = 1.0;
				PRODUCT_BUNDLE_IDENTIFIER = "com.intuitivecomputers.tennis-notes";
				PRODUCT_NAME = "$(TARGET_NAME)";
				SWIFT_EMIT_LOC_STRINGS = YES;
				SWIFT_VERSION = 5.0;
				TARGETED_DEVICE_FAMILY = 1;
			};
			name = Release;
		};
/* End XCBuildConfiguration section */

/* Begin XCConfigurationList section */
		BCC8F3C8280224DC00F9AAB3 /* Build configuration list for PBXProject "Tennis Notes" */ = {
			isa = XCConfigurationList;
			buildConfigurations = (
				BCC8F3F5280224DE00F9AAB3 /* Debug */,
				BCC8F3F6280224DE00F9AAB3 /* Release */,
			);
			defaultConfigurationIsVisible = 0;
			defaultConfigurationName = Release;
		};
		BCC8F3F7280224DE00F9AAB3 /* Build configuration list for PBXNativeTarget "Tennis Notes" */ = {
			isa = XCConfigurationList;
			buildConfigurations = (
				BCC8F3F8280224DE00F9AAB3 /* Debug */,
				BCC8F3F9280224DE00F9AAB3 /* Release */,
			);
			defaultConfigurationIsVisible = 0;
			defaultConfigurationName = Release;
		};
/* End XCConfigurationList section */

/* Begin XCRemoteSwiftPackageReference section */
		BC075D36283173EB009FC4F4 /* XCRemoteSwiftPackageReference "firebase-ios-sdk" */ = {
			isa = XCRemoteSwiftPackageReference;
			repositoryURL = "https://github.com/firebase/firebase-ios-sdk";
			requirement = {
				kind = upToNextMajorVersion;
				minimumVersion = 9.0.0;
			};
		};
/* End XCRemoteSwiftPackageReference section */

/* Begin XCSwiftPackageProductDependency section */
		BC075D37283173EB009FC4F4 /* FirebaseAnalytics */ = {
			isa = XCSwiftPackageProductDependency;
			package = BC075D36283173EB009FC4F4 /* XCRemoteSwiftPackageReference "firebase-ios-sdk" */;
			productName = FirebaseAnalytics;
		};
		BC075D39283173EB009FC4F4 /* FirebaseCrashlytics */ = {
			isa = XCSwiftPackageProductDependency;
			package = BC075D36283173EB009FC4F4 /* XCRemoteSwiftPackageReference "firebase-ios-sdk" */;
			productName = FirebaseCrashlytics;
		};
		BC075D3B283173EB009FC4F4 /* FirebaseMessaging */ = {
			isa = XCSwiftPackageProductDependency;
			package = BC075D36283173EB009FC4F4 /* XCRemoteSwiftPackageReference "firebase-ios-sdk" */;
			productName = FirebaseMessaging;
		};
/* End XCSwiftPackageProductDependency section */

/* Begin XCVersionGroup section */
		BCC8F4842802523900F9AAB3 /* Model.xcdatamodeld */ = {
			isa = XCVersionGroup;
			children = (
				BCC8F4852802523900F9AAB3 /* Model.xcdatamodel */,
			);
			currentVersion = BCC8F4852802523900F9AAB3 /* Model.xcdatamodel */;
			path = Model.xcdatamodeld;
			sourceTree = "<group>";
			versionGroupType = wrapper.xcdatamodel;
		};
/* End XCVersionGroup section */
	};
	rootObject = BCC8F3C5280224DC00F9AAB3 /* Project object */;
}
